// !$*UTF8*$!
{
	archiveVersion = 1;
	classes = {
	};
	objectVersion = 56;
	objects = {

/* Begin PBXBuildFile section */
		FE09DF882B2909AF00D841ED /* AppDelegate.swift in Sources */ = {isa = PBXBuildFile; fileRef = FE09DF872B2909AF00D841ED /* AppDelegate.swift */; };
		FE09DF8A2B2909AF00D841ED /* SceneDelegate.swift in Sources */ = {isa = PBXBuildFile; fileRef = FE09DF892B2909AF00D841ED /* SceneDelegate.swift */; };
		FE09DF8C2B2909AF00D841ED /* Anasayfa.swift in Sources */ = {isa = PBXBuildFile; fileRef = FE09DF8B2B2909AF00D841ED /* Anasayfa.swift */; };
		FE09DF8F2B2909AF00D841ED /* Main.storyboard in Resources */ = {isa = PBXBuildFile; fileRef = FE09DF8D2B2909AF00D841ED /* Main.storyboard */; };
		FE09DF912B2909B000D841ED /* Assets.xcassets in Resources */ = {isa = PBXBuildFile; fileRef = FE09DF902B2909B000D841ED /* Assets.xcassets */; };
		FE09DF942B2909B000D841ED /* LaunchScreen.storyboard in Resources */ = {isa = PBXBuildFile; fileRef = FE09DF922B2909B000D841ED /* LaunchScreen.storyboard */; };
		FE09DFA02B290D1300D841ED /* KisiKayit.swift in Sources */ = {isa = PBXBuildFile; fileRef = FE09DF9F2B290D1300D841ED /* KisiKayit.swift */; };
		FE09DFA22B290D3600D841ED /* KisiDetay.swift in Sources */ = {isa = PBXBuildFile; fileRef = FE09DFA12B290D3600D841ED /* KisiDetay.swift */; };
		FE09DFA42B290E3E00D841ED /* Kisiler.swift in Sources */ = {isa = PBXBuildFile; fileRef = FE09DFA32B290E3E00D841ED /* Kisiler.swift */; };
		FEC56D172B2A04D300F7E53B /* KisilerHucre.swift in Sources */ = {isa = PBXBuildFile; fileRef = FEC56D162B2A04D300F7E53B /* KisilerHucre.swift */; };
/* End PBXBuildFile section */

/* Begin PBXFileReference section */
		FE09DF842B2909AF00D841ED /* KisilerUygulamasi.app */ = {isa = PBXFileReference; explicitFileType = wrapper.application; includeInIndex = 0; path = KisilerUygulamasi.app; sourceTree = BUILT_PRODUCTS_DIR; };
		FE09DF872B2909AF00D841ED /* AppDelegate.swift */ = {isa = PBXFileReference; lastKnownFileType = sourcecode.swift; path = AppDelegate.swift; sourceTree = "<group>"; };
		FE09DF892B2909AF00D841ED /* SceneDelegate.swift */ = {isa = PBXFileReference; lastKnownFileType = sourcecode.swift; path = SceneDelegate.swift; sourceTree = "<group>"; };
		FE09DF8B2B2909AF00D841ED /* Anasayfa.swift */ = {isa = PBXFileReference; lastKnownFileType = sourcecode.swift; path = Anasayfa.swift; sourceTree = "<group>"; };
		FE09DF8E2B2909AF00D841ED /* Base */ = {isa = PBXFileReference; lastKnownFileType = file.storyboard; name = Base; path = Base.lproj/Main.storyboard; sourceTree = "<group>"; };
		FE09DF902B2909B000D841ED /* Assets.xcassets */ = {isa = PBXFileReference; lastKnownFileType = folder.assetcatalog; path = Assets.xcassets; sourceTree = "<group>"; };
		FE09DF932B2909B000D841ED /* Base */ = {isa = PBXFileReference; lastKnownFileType = file.storyboard; name = Base; path = Base.lproj/LaunchScreen.storyboard; sourceTree = "<group>"; };
		FE09DF952B2909B000D841ED /* Info.plist */ = {isa = PBXFileReference; lastKnownFileType = text.plist.xml; path = Info.plist; sourceTree = "<group>"; };
		FE09DF9F2B290D1300D841ED /* KisiKayit.swift */ = {isa = PBXFileReference; lastKnownFileType = sourcecode.swift; path = KisiKayit.swift; sourceTree = "<group>"; };
		FE09DFA12B290D3600D841ED /* KisiDetay.swift */ = {isa = PBXFileReference; lastKnownFileType = sourcecode.swift; path = KisiDetay.swift; sourceTree = "<group>"; };
		FE09DFA32B290E3E00D841ED /* Kisiler.swift */ = {isa = PBXFileReference; lastKnownFileType = sourcecode.swift; path = Kisiler.swift; sourceTree = "<group>"; };
		FEC56D162B2A04D300F7E53B /* KisilerHucre.swift */ = {isa = PBXFileReference; lastKnownFileType = sourcecode.swift; path = KisilerHucre.swift; sourceTree = "<group>"; };
/* End PBXFileReference section */

/* Begin PBXFrameworksBuildPhase section */
		FE09DF812B2909AF00D841ED /* Frameworks */ = {
			isa = PBXFrameworksBuildPhase;
			buildActionMask = 2147483647;
			files = (
			);
			runOnlyForDeploymentPostprocessing = 0;
		};
/* End PBXFrameworksBuildPhase section */

/* Begin PBXGroup section */
		FE09DF7B2B2909AF00D841ED = {
			isa = PBXGroup;
			children = (
				FE09DF862B2909AF00D841ED /* KisilerUygulamasi */,
				FE09DF852B2909AF00D841ED /* Products */,
			);
			sourceTree = "<group>";
		};
		FE09DF852B2909AF00D841ED /* Products */ = {
			isa = PBXGroup;
			children = (
				FE09DF842B2909AF00D841ED /* KisilerUygulamasi.app */,
			);
			name = Products;
			sourceTree = "<group>";
		};
		FE09DF862B2909AF00D841ED /* KisilerUygulamasi */ = {
			isa = PBXGroup;
			children = (
				FE09DF872B2909AF00D841ED /* AppDelegate.swift */,
				FE09DF892B2909AF00D841ED /* SceneDelegate.swift */,
				FE09DF9C2B290A7E00D841ED /* ui */,
				FE09DF9B2B290A5B00D841ED /* data */,
				FE09DF8D2B2909AF00D841ED /* Main.storyboard */,
				FE09DF902B2909B000D841ED /* Assets.xcassets */,
				FE09DF922B2909B000D841ED /* LaunchScreen.storyboard */,
				FE09DF952B2909B000D841ED /* Info.plist */,
			);
			path = KisilerUygulamasi;
			sourceTree = "<group>";
		};
		FE09DF9B2B290A5B00D841ED /* data */ = {
			isa = PBXGroup;
			children = (
				FE09DF9D2B290AB900D841ED /* entity */,
			);
			path = data;
			sourceTree = "<group>";
		};
		FE09DF9C2B290A7E00D841ED /* ui */ = {
			isa = PBXGroup;
			children = (
				FEC56D152B2A04A100F7E53B /* tableview */,
				FE09DF9E2B290AE300D841ED /* views */,
			);
			path = ui;
			sourceTree = "<group>";
		};
		FE09DF9D2B290AB900D841ED /* entity */ = {
			isa = PBXGroup;
			children = (
				FE09DFA32B290E3E00D841ED /* Kisiler.swift */,
			);
			path = entity;
			sourceTree = "<group>";
		};
		FE09DF9E2B290AE300D841ED /* views */ = {
			isa = PBXGroup;
			children = (
				FE09DF8B2B2909AF00D841ED /* Anasayfa.swift */,
				FE09DF9F2B290D1300D841ED /* KisiKayit.swift */,
				FE09DFA12B290D3600D841ED /* KisiDetay.swift */,
			);
			path = views;
			sourceTree = "<group>";
		};
		FEC56D152B2A04A100F7E53B /* tableview */ = {
			isa = PBXGroup;
			children = (
				FEC56D162B2A04D300F7E53B /* KisilerHucre.swift */,
			);
			path = tableview;
			sourceTree = "<group>";
		};
/* End PBXGroup section */

/* Begin PBXNativeTarget section */
		FE09DF832B2909AF00D841ED /* KisilerUygulamasi */ = {
			isa = PBXNativeTarget;
			buildConfigurationList = FE09DF982B2909B000D841ED /* Build configuration list for PBXNativeTarget "KisilerUygulamasi" */;
			buildPhases = (
				FE09DF802B2909AF00D841ED /* Sources */,
				FE09DF812B2909AF00D841ED /* Frameworks */,
				FE09DF822B2909AF00D841ED /* Resources */,
			);
			buildRules = (
			);
			dependencies = (
			);
			name = KisilerUygulamasi;
			productName = KisilerUygulamasi;
			productReference = FE09DF842B2909AF00D841ED /* KisilerUygulamasi.app */;
			productType = "com.apple.product-type.application";
		};
/* End PBXNativeTarget section */

/* Begin PBXProject section */
		FE09DF7C2B2909AF00D841ED /* Project object */ = {
			isa = PBXProject;
			attributes = {
				BuildIndependentTargetsInParallel = 1;
				LastSwiftUpdateCheck = 1500;
				LastUpgradeCheck = 1500;
				TargetAttributes = {
					FE09DF832B2909AF00D841ED = {
						CreatedOnToolsVersion = 15.0.1;
					};
				};
			};
			buildConfigurationList = FE09DF7F2B2909AF00D841ED /* Build configuration list for PBXProject "KisilerUygulamasi" */;
			compatibilityVersion = "Xcode 14.0";
			developmentRegion = en;
			hasScannedForEncodings = 0;
			knownRegions = (
				en,
				Base,
			);
			mainGroup = FE09DF7B2B2909AF00D841ED;
			productRefGroup = FE09DF852B2909AF00D841ED /* Products */;
			projectDirPath = "";
			projectRoot = "";
			targets = (
				FE09DF832B2909AF00D841ED /* KisilerUygulamasi */,
			);
		};
/* End PBXProject section */

/* Begin PBXResourcesBuildPhase section */
		FE09DF822B2909AF00D841ED /* Resources */ = {
			isa = PBXResourcesBuildPhase;
			buildActionMask = 2147483647;
			files = (
				FE09DF942B2909B000D841ED /* LaunchScreen.storyboard in Resources */,
				FE09DF912B2909B000D841ED /* Assets.xcassets in Resources */,
				FE09DF8F2B2909AF00D841ED /* Main.storyboard in Resources */,
			);
			runOnlyForDeploymentPostprocessing = 0;
		};
/* End PBXResourcesBuildPhase section */

/* Begin PBXSourcesBuildPhase section */
		FE09DF802B2909AF00D841ED /* Sources */ = {
			isa = PBXSourcesBuildPhase;
			buildActionMask = 2147483647;
			files = (
				FE09DFA02B290D1300D841ED /* KisiKayit.swift in Sources */,
				FEC56D172B2A04D300F7E53B /* KisilerHucre.swift in Sources */,
				FE09DFA22B290D3600D841ED /* KisiDetay.swift in Sources */,
				FE09DF8C2B2909AF00D841ED /* Anasayfa.swift in Sources */,
				FE09DF882B2909AF00D841ED /* AppDelegate.swift in Sources */,
				FE09DF8A2B2909AF00D841ED /* SceneDelegate.swift in Sources */,
				FE09DFA42B290E3E00D841ED /* Kisiler.swift in Sources */,
			);
			runOnlyForDeploymentPostprocessing = 0;
		};
/* End PBXSourcesBuildPhase section */

/* Begin PBXVariantGroup section */
		FE09DF8D2B2909AF00D841ED /* Main.storyboard */ = {
			isa = PBXVariantGroup;
			children = (
				FE09DF8E2B2909AF00D841ED /* Base */,
			);
			name = Main.storyboard;
			sourceTree = "<group>";
		};
		FE09DF922B2909B000D841ED /* LaunchScreen.storyboard */ = {
			isa = PBXVariantGroup;
			children = (
				FE09DF932B2909B000D841ED /* Base */,
			);
			name = LaunchScreen.storyboard;
			sourceTree = "<group>";
		};
/* End PBXVariantGroup section */

/* Begin XCBuildConfiguration section */
		FE09DF962B2909B000D841ED /* Debug */ = {
			isa = XCBuildConfiguration;
			buildSettings = {
				ALWAYS_SEARCH_USER_PATHS = NO;
				ASSETCATALOG_COMPILER_GENERATE_SWIFT_ASSET_SYMBOL_EXTENSIONS = YES;
				CLANG_ANALYZER_NONNULL = YES;
				CLANG_ANALYZER_NUMBER_OBJECT_CONVERSION = YES_AGGRESSIVE;
				CLANG_CXX_LANGUAGE_STANDARD = "gnu++20";
				CLANG_ENABLE_MODULES = YES;
				CLANG_ENABLE_OBJC_ARC = YES;
				CLANG_ENABLE_OBJC_WEAK = YES;
				CLANG_WARN_BLOCK_CAPTURE_AUTORELEASING = YES;
				CLANG_WARN_BOOL_CONVERSION = YES;
				CLANG_WARN_COMMA = YES;
				CLANG_WARN_CONSTANT_CONVERSION = YES;
				CLANG_WARN_DEPRECATED_OBJC_IMPLEMENTATIONS = YES;
				CLANG_WARN_DIRECT_OBJC_ISA_USAGE = YES_ERROR;
				CLANG_WARN_DOCUMENTATION_COMMENTS = YES;
				CLANG_WARN_EMPTY_BODY = YES;
				CLANG_WARN_ENUM_CONVERSION = YES;
				CLANG_WARN_INFINITE_RECURSION = YES;
				CLANG_WARN_INT_CONVERSION = YES;
				CLANG_WARN_NON_LITERAL_NULL_CONVERSION = YES;
				CLANG_WARN_OBJC_IMPLICIT_RETAIN_SELF = YES;
				CLANG_WARN_OBJC_LITERAL_CONVERSION = YES;
				CLANG_WARN_OBJC_ROOT_CLASS = YES_ERROR;
				CLANG_WARN_QUOTED_INCLUDE_IN_FRAMEWORK_HEADER = YES;
				CLANG_WARN_RANGE_LOOP_ANALYSIS = YES;
				CLANG_WARN_STRICT_PROTOTYPES = YES;
				CLANG_WARN_SUSPICIOUS_MOVE = YES;
				CLANG_WARN_UNGUARDED_AVAILABILITY = YES_AGGRESSIVE;
				CLANG_WARN_UNREACHABLE_CODE = YES;
				CLANG_WARN__DUPLICATE_METHOD_MATCH = YES;
				COPY_PHASE_STRIP = NO;
				DEBUG_INFORMATION_FORMAT = dwarf;
				ENABLE_STRICT_OBJC_MSGSEND = YES;
				ENABLE_TESTABILITY = YES;
				ENABLE_USER_SCRIPT_SANDBOXING = YES;
				GCC_C_LANGUAGE_STANDARD = gnu17;
				GCC_DYNAMIC_NO_PIC = NO;
				GCC_NO_COMMON_BLOCKS = YES;
				GCC_OPTIMIZATION_LEVEL = 0;
				GCC_PREPROCESSOR_DEFINITIONS = (
					"DEBUG=1",
					"$(inherited)",
				);
				GCC_WARN_64_TO_32_BIT_CONVERSION = YES;
				GCC_WARN_ABOUT_RETURN_TYPE = YES_ERROR;
				GCC_WARN_UNDECLARED_SELECTOR = YES;
				GCC_WARN_UNINITIALIZED_AUTOS = YES_AGGRESSIVE;
				GCC_WARN_UNUSED_FUNCTION = YES;
				GCC_WARN_UNUSED_VARIABLE = YES;
				IPHONEOS_DEPLOYMENT_TARGET = 17.0;
				LOCALIZATION_PREFERS_STRING_CATALOGS = YES;
				MTL_ENABLE_DEBUG_INFO = INCLUDE_SOURCE;
				MTL_FAST_MATH = YES;
				ONLY_ACTIVE_ARCH = YES;
				SDKROOT = iphoneos;
				SWIFT_ACTIVE_COMPILATION_CONDITIONS = "DEBUG $(inherited)";
				SWIFT_OPTIMIZATION_LEVEL = "-Onone";
			};
			name = Debug;
		};
		FE09DF972B2909B000D841ED /* Release */ = {
			isa = XCBuildConfiguration;
			buildSettings = {
				ALWAYS_SEARCH_USER_PATHS = NO;
				ASSETCATALOG_COMPILER_GENERATE_SWIFT_ASSET_SYMBOL_EXTENSIONS = YES;
				CLANG_ANALYZER_NONNULL = YES;
				CLANG_ANALYZER_NUMBER_OBJECT_CONVERSION = YES_AGGRESSIVE;
				CLANG_CXX_LANGUAGE_STANDARD = "gnu++20";
				CLANG_ENABLE_MODULES = YES;
				CLANG_ENABLE_OBJC_ARC = YES;
				CLANG_ENABLE_OBJC_WEAK = YES;
				CLANG_WARN_BLOCK_CAPTURE_AUTORELEASING = YES;
				CLANG_WARN_BOOL_CONVERSION = YES;
				CLANG_WARN_COMMA = YES;
				CLANG_WARN_CONSTANT_CONVERSION = YES;
				CLANG_WARN_DEPRECATED_OBJC_IMPLEMENTATIONS = YES;
				CLANG_WARN_DIRECT_OBJC_ISA_USAGE = YES_ERROR;
				CLANG_WARN_DOCUMENTATION_COMMENTS = YES;
				CLANG_WARN_EMPTY_BODY = YES;
				CLANG_WARN_ENUM_CONVERSION = YES;
				CLANG_WARN_INFINITE_RECURSION = YES;
				CLANG_WARN_INT_CONVERSION = YES;
				CLANG_WARN_NON_LITERAL_NULL_CONVERSION = YES;
				CLANG_WARN_OBJC_IMPLICIT_RETAIN_SELF = YES;
				CLANG_WARN_OBJC_LITERAL_CONVERSION = YES;
				CLANG_WARN_OBJC_ROOT_CLASS = YES_ERROR;
				CLANG_WARN_QUOTED_INCLUDE_IN_FRAMEWORK_HEADER = YES;
				CLANG_WARN_RANGE_LOOP_ANALYSIS = YES;
				CLANG_WARN_STRICT_PROTOTYPES = YES;
				CLANG_WARN_SUSPICIOUS_MOVE = YES;
				CLANG_WARN_UNGUARDED_AVAILABILITY = YES_AGGRESSIVE;
				CLANG_WARN_UNREACHABLE_CODE = YES;
				CLANG_WARN__DUPLICATE_METHOD_MATCH = YES;
				COPY_PHASE_STRIP = NO;
				DEBUG_INFORMATION_FORMAT = "dwarf-with-dsym";
				ENABLE_NS_ASSERTIONS = NO;
				ENABLE_STRICT_OBJC_MSGSEND = YES;
				ENABLE_USER_SCRIPT_SANDBOXING = YES;
				GCC_C_LANGUAGE_STANDARD = gnu17;
				GCC_NO_COMMON_BLOCKS = YES;
				GCC_WARN_64_TO_32_BIT_CONVERSION = YES;
				GCC_WARN_ABOUT_RETURN_TYPE = YES_ERROR;
				GCC_WARN_UNDECLARED_SELECTOR = YES;
				GCC_WARN_UNINITIALIZED_AUTOS = YES_AGGRESSIVE;
				GCC_WARN_UNUSED_FUNCTION = YES;
				GCC_WARN_UNUSED_VARIABLE = YES;
				IPHONEOS_DEPLOYMENT_TARGET = 17.0;
				LOCALIZATION_PREFERS_STRING_CATALOGS = YES;
				MTL_ENABLE_DEBUG_INFO = NO;
				MTL_FAST_MATH = YES;
				SDKROOT = iphoneos;
				SWIFT_COMPILATION_MODE = wholemodule;
				VALIDATE_PRODUCT = YES;
			};
			name = Release;
		};
		FE09DF992B2909B000D841ED /* Debug */ = {
			isa = XCBuildConfiguration;
			buildSettings = {
				ASSETCATALOG_COMPILER_APPICON_NAME = AppIcon;
				ASSETCATALOG_COMPILER_GLOBAL_ACCENT_COLOR_NAME = AccentColor;
				CODE_SIGN_STYLE = Automatic;
				CURRENT_PROJECT_VERSION = 1;
				DEVELOPMENT_TEAM = YCQ4KH7F3F;
				GENERATE_INFOPLIST_FILE = YES;
				INFOPLIST_FILE = KisilerUygulamasi/Info.plist;
				INFOPLIST_KEY_UIApplicationSupportsIndirectInputEvents = YES;
				INFOPLIST_KEY_UILaunchStoryboardName = LaunchScreen;
				INFOPLIST_KEY_UIMainStoryboardFile = Main;
				INFOPLIST_KEY_UISupportedInterfaceOrientations_iPad = "UIInterfaceOrientationPortrait UIInterfaceOrientationPortraitUpsideDown UIInterfaceOrientationLandscapeLeft UIInterfaceOrientationLandscapeRight";
				INFOPLIST_KEY_UISupportedInterfaceOrientations_iPhone = "UIInterfaceOrientationPortrait UIInterfaceOrientationLandscapeLeft UIInterfaceOrientationLandscapeRight";
				LD_RUNPATH_SEARCH_PATHS = (
					"$(inherited)",
					"@executable_path/Frameworks",
				);
				MARKETING_VERSION = 1.0;
				PRODUCT_BUNDLE_IDENTIFIER = com.eminecetinkaya.KisilerUygulamasi;
				PRODUCT_NAME = "$(TARGET_NAME)";
				SWIFT_EMIT_LOC_STRINGS = YES;
				SWIFT_VERSION = 5.0;
				TARGETED_DEVICE_FAMILY = "1,2";
			};
			name = Debug;
		};
		FE09DF9A2B2909B000D841ED /* Release */ = {
			isa = XCBuildConfiguration;
			buildSettings = {
				ASSETCATALOG_COMPILER_APPICON_NAME = AppIcon;
				ASSETCATALOG_COMPILER_GLOBAL_ACCENT_COLOR_NAME = AccentColor;
				CODE_SIGN_STYLE = Automatic;
				CURRENT_PROJECT_VERSION = 1;
				DEVELOPMENT_TEAM = YCQ4KH7F3F;
				GENERATE_INFOPLIST_FILE = YES;
				INFOPLIST_FILE = KisilerUygulamasi/Info.plist;
				INFOPLIST_KEY_UIApplicationSupportsIndirectInputEvents = YES;
				INFOPLIST_KEY_UILaunchStoryboardName = LaunchScreen;
				INFOPLIST_KEY_UIMainStoryboardFile = Main;
				INFOPLIST_KEY_UISupportedInterfaceOrientations_iPad = "UIInterfaceOrientationPortrait UIInterfaceOrientationPortraitUpsideDown UIInterfaceOrientationLandscapeLeft UIInterfaceOrientationLandscapeRight";
				INFOPLIST_KEY_UISupportedInterfaceOrientations_iPhone = "UIInterfaceOrientationPortrait UIInterfaceOrientationLandscapeLeft UIInterfaceOrientationLandscapeRight";
				LD_RUNPATH_SEARCH_PATHS = (
					"$(inherited)",
					"@executable_path/Frameworks",
				);
				MARKETING_VERSION = 1.0;
				PRODUCT_BUNDLE_IDENTIFIER = com.eminecetinkaya.KisilerUygulamasi;
				PRODUCT_NAME = "$(TARGET_NAME)";
				SWIFT_EMIT_LOC_STRINGS = YES;
				SWIFT_VERSION = 5.0;
				TARGETED_DEVICE_FAMILY = "1,2";
			};
			name = Release;
		};
/* End XCBuildConfiguration section */

/* Begin XCConfigurationList section */
		FE09DF7F2B2909AF00D841ED /* Build configuration list for PBXProject "KisilerUygulamasi" */ = {
			isa = XCConfigurationList;
			buildConfigurations = (
				FE09DF962B2909B000D841ED /* Debug */,
				FE09DF972B2909B000D841ED /* Release */,
			);
			defaultConfigurationIsVisible = 0;
			defaultConfigurationName = Release;
		};
		FE09DF982B2909B000D841ED /* Build configuration list for PBXNativeTarget "KisilerUygulamasi" */ = {
			isa = XCConfigurationList;
			buildConfigurations = (
				FE09DF992B2909B000D841ED /* Debug */,
				FE09DF9A2B2909B000D841ED /* Release */,
			);
			defaultConfigurationIsVisible = 0;
			defaultConfigurationName = Release;
		};
/* End XCConfigurationList section */
	};
	rootObject = FE09DF7C2B2909AF00D841ED /* Project object */;
}
