// !$*UTF8*$!
{
	archiveVersion = 1;
	classes = {
	};
	objectVersion = 56;
	objects = {

/* Begin PBXBuildFile section */
		FE6334C92B3055CC005B3AB2 /* AppDelegate.swift in Sources */ = {isa = PBXBuildFile; fileRef = FE6334C82B3055CC005B3AB2 /* AppDelegate.swift */; };
		FE6334CB2B3055CC005B3AB2 /* SceneDelegate.swift in Sources */ = {isa = PBXBuildFile; fileRef = FE6334CA2B3055CC005B3AB2 /* SceneDelegate.swift */; };
		FE6334CD2B3055CC005B3AB2 /* Anasayfa.swift in Sources */ = {isa = PBXBuildFile; fileRef = FE6334CC2B3055CC005B3AB2 /* Anasayfa.swift */; };
		FE6334D02B3055CC005B3AB2 /* Main.storyboard in Resources */ = {isa = PBXBuildFile; fileRef = FE6334CE2B3055CC005B3AB2 /* Main.storyboard */; };
		FE6334D22B3055CD005B3AB2 /* Assets.xcassets in Resources */ = {isa = PBXBuildFile; fileRef = FE6334D12B3055CD005B3AB2 /* Assets.xcassets */; };
		FE6334D52B3055CD005B3AB2 /* LaunchScreen.storyboard in Resources */ = {isa = PBXBuildFile; fileRef = FE6334D32B3055CD005B3AB2 /* LaunchScreen.storyboard */; };
		FE6334E22B305709005B3AB2 /* Filmler.swift in Sources */ = {isa = PBXBuildFile; fileRef = FE6334E12B305709005B3AB2 /* Filmler.swift */; };
		FE6334E42B3057F0005B3AB2 /* DetaySayfa.swift in Sources */ = {isa = PBXBuildFile; fileRef = FE6334E32B3057F0005B3AB2 /* DetaySayfa.swift */; };
		FE6334E62B30605F005B3AB2 /* FilmlerHucre.swift in Sources */ = {isa = PBXBuildFile; fileRef = FE6334E52B30605F005B3AB2 /* FilmlerHucre.swift */; };
/* End PBXBuildFile section */

/* Begin PBXFileReference section */
		FE6334C52B3055CC005B3AB2 /* FilmlerApp.app */ = {isa = PBXFileReference; explicitFileType = wrapper.application; includeInIndex = 0; path = FilmlerApp.app; sourceTree = BUILT_PRODUCTS_DIR; };
		FE6334C82B3055CC005B3AB2 /* AppDelegate.swift */ = {isa = PBXFileReference; lastKnownFileType = sourcecode.swift; path = AppDelegate.swift; sourceTree = "<group>"; };
		FE6334CA2B3055CC005B3AB2 /* SceneDelegate.swift */ = {isa = PBXFileReference; lastKnownFileType = sourcecode.swift; path = SceneDelegate.swift; sourceTree = "<group>"; };
		FE6334CC2B3055CC005B3AB2 /* Anasayfa.swift */ = {isa = PBXFileReference; lastKnownFileType = sourcecode.swift; path = Anasayfa.swift; sourceTree = "<group>"; };
		FE6334CF2B3055CC005B3AB2 /* Base */ = {isa = PBXFileReference; lastKnownFileType = file.storyboard; name = Base; path = Base.lproj/Main.storyboard; sourceTree = "<group>"; };
		FE6334D12B3055CD005B3AB2 /* Assets.xcassets */ = {isa = PBXFileReference; lastKnownFileType = folder.assetcatalog; path = Assets.xcassets; sourceTree = "<group>"; };
		FE6334D42B3055CD005B3AB2 /* Base */ = {isa = PBXFileReference; lastKnownFileType = file.storyboard; name = Base; path = Base.lproj/LaunchScreen.storyboard; sourceTree = "<group>"; };
		FE6334D62B3055CD005B3AB2 /* Info.plist */ = {isa = PBXFileReference; lastKnownFileType = text.plist.xml; path = Info.plist; sourceTree = "<group>"; };
		FE6334E12B305709005B3AB2 /* Filmler.swift */ = {isa = PBXFileReference; lastKnownFileType = sourcecode.swift; path = Filmler.swift; sourceTree = "<group>"; };
		FE6334E32B3057F0005B3AB2 /* DetaySayfa.swift */ = {isa = PBXFileReference; lastKnownFileType = sourcecode.swift; path = DetaySayfa.swift; sourceTree = "<group>"; };
		FE6334E52B30605F005B3AB2 /* FilmlerHucre.swift */ = {isa = PBXFileReference; lastKnownFileType = sourcecode.swift; path = FilmlerHucre.swift; sourceTree = "<group>"; };
/* End PBXFileReference section */

/* Begin PBXFrameworksBuildPhase section */
		FE6334C22B3055CC005B3AB2 /* Frameworks */ = {
			isa = PBXFrameworksBuildPhase;
			buildActionMask = 2147483647;
			files = (
			);
			runOnlyForDeploymentPostprocessing = 0;
		};
/* End PBXFrameworksBuildPhase section */

/* Begin PBXGroup section */
		FE6334BC2B3055CC005B3AB2 = {
			isa = PBXGroup;
			children = (
				FE6334C72B3055CC005B3AB2 /* FilmlerApp */,
				FE6334C62B3055CC005B3AB2 /* Products */,
			);
			sourceTree = "<group>";
		};
		FE6334C62B3055CC005B3AB2 /* Products */ = {
			isa = PBXGroup;
			children = (
				FE6334C52B3055CC005B3AB2 /* FilmlerApp.app */,
			);
			name = Products;
			sourceTree = "<group>";
		};
		FE6334C72B3055CC005B3AB2 /* FilmlerApp */ = {
			isa = PBXGroup;
			children = (
				FE6334C82B3055CC005B3AB2 /* AppDelegate.swift */,
				FE6334CA2B3055CC005B3AB2 /* SceneDelegate.swift */,
				FE6334DD2B30562D005B3AB2 /* ui */,
				FE6334DC2B305615005B3AB2 /* data */,
				FE6334CE2B3055CC005B3AB2 /* Main.storyboard */,
				FE6334D12B3055CD005B3AB2 /* Assets.xcassets */,
				FE6334D32B3055CD005B3AB2 /* LaunchScreen.storyboard */,
				FE6334D62B3055CD005B3AB2 /* Info.plist */,
			);
			path = FilmlerApp;
			sourceTree = "<group>";
		};
		FE6334DC2B305615005B3AB2 /* data */ = {
			isa = PBXGroup;
			children = (
				FE6334DF2B305652005B3AB2 /* entity */,
			);
			path = data;
			sourceTree = "<group>";
		};
		FE6334DD2B30562D005B3AB2 /* ui */ = {
			isa = PBXGroup;
			children = (
				FE6334E02B305666005B3AB2 /* tableview */,
				FE6334DE2B305638005B3AB2 /* views */,
			);
			path = ui;
			sourceTree = "<group>";
		};
		FE6334DE2B305638005B3AB2 /* views */ = {
			isa = PBXGroup;
			children = (
				FE6334CC2B3055CC005B3AB2 /* Anasayfa.swift */,
				FE6334E32B3057F0005B3AB2 /* DetaySayfa.swift */,
			);
			path = views;
			sourceTree = "<group>";
		};
		FE6334DF2B305652005B3AB2 /* entity */ = {
			isa = PBXGroup;
			children = (
				FE6334E12B305709005B3AB2 /* Filmler.swift */,
			);
			path = entity;
			sourceTree = "<group>";
		};
		FE6334E02B305666005B3AB2 /* tableview */ = {
			isa = PBXGroup;
			children = (
				FE6334E52B30605F005B3AB2 /* FilmlerHucre.swift */,
			);
			path = tableview;
			sourceTree = "<group>";
		};
/* End PBXGroup section */

/* Begin PBXNativeTarget section */
		FE6334C42B3055CC005B3AB2 /* FilmlerApp */ = {
			isa = PBXNativeTarget;
			buildConfigurationList = FE6334D92B3055CD005B3AB2 /* Build configuration list for PBXNativeTarget "FilmlerApp" */;
			buildPhases = (
				FE6334C12B3055CC005B3AB2 /* Sources */,
				FE6334C22B3055CC005B3AB2 /* Frameworks */,
				FE6334C32B3055CC005B3AB2 /* Resources */,
			);
			buildRules = (
			);
			dependencies = (
			);
			name = FilmlerApp;
			productName = FilmlerApp;
			productReference = FE6334C52B3055CC005B3AB2 /* FilmlerApp.app */;
			productType = "com.apple.product-type.application";
		};
/* End PBXNativeTarget section */

/* Begin PBXProject section */
		FE6334BD2B3055CC005B3AB2 /* Project object */ = {
			isa = PBXProject;
			attributes = {
				BuildIndependentTargetsInParallel = 1;
				LastSwiftUpdateCheck = 1500;
				LastUpgradeCheck = 1500;
				TargetAttributes = {
					FE6334C42B3055CC005B3AB2 = {
						CreatedOnToolsVersion = 15.0.1;
					};
				};
			};
			buildConfigurationList = FE6334C02B3055CC005B3AB2 /* Build configuration list for PBXProject "FilmlerApp" */;
			compatibilityVersion = "Xcode 14.0";
			developmentRegion = en;
			hasScannedForEncodings = 0;
			knownRegions = (
				en,
				Base,
			);
			mainGroup = FE6334BC2B3055CC005B3AB2;
			productRefGroup = FE6334C62B3055CC005B3AB2 /* Products */;
			projectDirPath = "";
			projectRoot = "";
			targets = (
				FE6334C42B3055CC005B3AB2 /* FilmlerApp */,
			);
		};
/* End PBXProject section */

/* Begin PBXResourcesBuildPhase section */
		FE6334C32B3055CC005B3AB2 /* Resources */ = {
			isa = PBXResourcesBuildPhase;
			buildActionMask = 2147483647;
			files = (
				FE6334D52B3055CD005B3AB2 /* LaunchScreen.storyboard in Resources */,
				FE6334D22B3055CD005B3AB2 /* Assets.xcassets in Resources */,
				FE6334D02B3055CC005B3AB2 /* Main.storyboard in Resources */,
			);
			runOnlyForDeploymentPostprocessing = 0;
		};
/* End PBXResourcesBuildPhase section */

/* Begin PBXSourcesBuildPhase section */
		FE6334C12B3055CC005B3AB2 /* Sources */ = {
			isa = PBXSourcesBuildPhase;
			buildActionMask = 2147483647;
			files = (
				FE6334CD2B3055CC005B3AB2 /* Anasayfa.swift in Sources */,
				FE6334C92B3055CC005B3AB2 /* AppDelegate.swift in Sources */,
				FE6334CB2B3055CC005B3AB2 /* SceneDelegate.swift in Sources */,
				FE6334E42B3057F0005B3AB2 /* DetaySayfa.swift in Sources */,
				FE6334E22B305709005B3AB2 /* Filmler.swift in Sources */,
				FE6334E62B30605F005B3AB2 /* FilmlerHucre.swift in Sources */,
			);
			runOnlyForDeploymentPostprocessing = 0;
		};
/* End PBXSourcesBuildPhase section */

/* Begin PBXVariantGroup section */
		FE6334CE2B3055CC005B3AB2 /* Main.storyboard */ = {
			isa = PBXVariantGroup;
			children = (
				FE6334CF2B3055CC005B3AB2 /* Base */,
			);
			name = Main.storyboard;
			sourceTree = "<group>";
		};
		FE6334D32B3055CD005B3AB2 /* LaunchScreen.storyboard */ = {
			isa = PBXVariantGroup;
			children = (
				FE6334D42B3055CD005B3AB2 /* Base */,
			);
			name = LaunchScreen.storyboard;
			sourceTree = "<group>";
		};
/* End PBXVariantGroup section */

/* Begin XCBuildConfiguration section */
		FE6334D72B3055CD005B3AB2 /* Debug */ = {
			isa = XCBuildConfiguration;
			buildSettings = {
				ALWAYS_SEARCH_USER_PATHS = NO;
				ASSETCATALOG_COMPILER_GENERATE_SWIFT_ASSET_SYMBOL_EXTENSIONS = YES;
				CLANG_ANALYZER_NONNULL = YES;
				CLANG_ANALYZER_NUMBER_OBJECT_CONVERSION = YES_AGGRESSIVE;
				CLANG_CXX_LANGUAGE_STANDARD = "gnu++20";
				CLANG_ENABLE_MODULES = YES;
				CLANG_ENABLE_OBJC_ARC = YES;
				CLANG_ENABLE_OBJC_WEAK = YES;
				CLANG_WARN_BLOCK_CAPTURE_AUTORELEASING = YES;
				CLANG_WARN_BOOL_CONVERSION = YES;
				CLANG_WARN_COMMA = YES;
				CLANG_WARN_CONSTANT_CONVERSION = YES;
				CLANG_WARN_DEPRECATED_OBJC_IMPLEMENTATIONS = YES;
				CLANG_WARN_DIRECT_OBJC_ISA_USAGE = YES_ERROR;
				CLANG_WARN_DOCUMENTATION_COMMENTS = YES;
				CLANG_WARN_EMPTY_BODY = YES;
				CLANG_WARN_ENUM_CONVERSION = YES;
				CLANG_WARN_INFINITE_RECURSION = YES;
				CLANG_WARN_INT_CONVERSION = YES;
				CLANG_WARN_NON_LITERAL_NULL_CONVERSION = YES;
				CLANG_WARN_OBJC_IMPLICIT_RETAIN_SELF = YES;
				CLANG_WARN_OBJC_LITERAL_CONVERSION = YES;
				CLANG_WARN_OBJC_ROOT_CLASS = YES_ERROR;
				CLANG_WARN_QUOTED_INCLUDE_IN_FRAMEWORK_HEADER = YES;
				CLANG_WARN_RANGE_LOOP_ANALYSIS = YES;
				CLANG_WARN_STRICT_PROTOTYPES = YES;
				CLANG_WARN_SUSPICIOUS_MOVE = YES;
				CLANG_WARN_UNGUARDED_AVAILABILITY = YES_AGGRESSIVE;
				CLANG_WARN_UNREACHABLE_CODE = YES;
				CLANG_WARN__DUPLICATE_METHOD_MATCH = YES;
				COPY_PHASE_STRIP = NO;
				DEBUG_INFORMATION_FORMAT = dwarf;
				ENABLE_STRICT_OBJC_MSGSEND = YES;
				ENABLE_TESTABILITY = YES;
				ENABLE_USER_SCRIPT_SANDBOXING = YES;
				GCC_C_LANGUAGE_STANDARD = gnu17;
				GCC_DYNAMIC_NO_PIC = NO;
				GCC_NO_COMMON_BLOCKS = YES;
				GCC_OPTIMIZATION_LEVEL = 0;
				GCC_PREPROCESSOR_DEFINITIONS = (
					"DEBUG=1",
					"$(inherited)",
				);
				GCC_WARN_64_TO_32_BIT_CONVERSION = YES;
				GCC_WARN_ABOUT_RETURN_TYPE = YES_ERROR;
				GCC_WARN_UNDECLARED_SELECTOR = YES;
				GCC_WARN_UNINITIALIZED_AUTOS = YES_AGGRESSIVE;
				GCC_WARN_UNUSED_FUNCTION = YES;
				GCC_WARN_UNUSED_VARIABLE = YES;
				IPHONEOS_DEPLOYMENT_TARGET = 17.0;
				LOCALIZATION_PREFERS_STRING_CATALOGS = YES;
				MTL_ENABLE_DEBUG_INFO = INCLUDE_SOURCE;
				MTL_FAST_MATH = YES;
				ONLY_ACTIVE_ARCH = YES;
				SDKROOT = iphoneos;
				SWIFT_ACTIVE_COMPILATION_CONDITIONS = "DEBUG $(inherited)";
				SWIFT_OPTIMIZATION_LEVEL = "-Onone";
			};
			name = Debug;
		};
		FE6334D82B3055CD005B3AB2 /* Release */ = {
			isa = XCBuildConfiguration;
			buildSettings = {
				ALWAYS_SEARCH_USER_PATHS = NO;
				ASSETCATALOG_COMPILER_GENERATE_SWIFT_ASSET_SYMBOL_EXTENSIONS = YES;
				CLANG_ANALYZER_NONNULL = YES;
				CLANG_ANALYZER_NUMBER_OBJECT_CONVERSION = YES_AGGRESSIVE;
				CLANG_CXX_LANGUAGE_STANDARD = "gnu++20";
				CLANG_ENABLE_MODULES = YES;
				CLANG_ENABLE_OBJC_ARC = YES;
				CLANG_ENABLE_OBJC_WEAK = YES;
				CLANG_WARN_BLOCK_CAPTURE_AUTORELEASING = YES;
				CLANG_WARN_BOOL_CONVERSION = YES;
				CLANG_WARN_COMMA = YES;
				CLANG_WARN_CONSTANT_CONVERSION = YES;
				CLANG_WARN_DEPRECATED_OBJC_IMPLEMENTATIONS = YES;
				CLANG_WARN_DIRECT_OBJC_ISA_USAGE = YES_ERROR;
				CLANG_WARN_DOCUMENTATION_COMMENTS = YES;
				CLANG_WARN_EMPTY_BODY = YES;
				CLANG_WARN_ENUM_CONVERSION = YES;
				CLANG_WARN_INFINITE_RECURSION = YES;
				CLANG_WARN_INT_CONVERSION = YES;
				CLANG_WARN_NON_LITERAL_NULL_CONVERSION = YES;
				CLANG_WARN_OBJC_IMPLICIT_RETAIN_SELF = YES;
				CLANG_WARN_OBJC_LITERAL_CONVERSION = YES;
				CLANG_WARN_OBJC_ROOT_CLASS = YES_ERROR;
				CLANG_WARN_QUOTED_INCLUDE_IN_FRAMEWORK_HEADER = YES;
				CLANG_WARN_RANGE_LOOP_ANALYSIS = YES;
				CLANG_WARN_STRICT_PROTOTYPES = YES;
				CLANG_WARN_SUSPICIOUS_MOVE = YES;
				CLANG_WARN_UNGUARDED_AVAILABILITY = YES_AGGRESSIVE;
				CLANG_WARN_UNREACHABLE_CODE = YES;
				CLANG_WARN__DUPLICATE_METHOD_MATCH = YES;
				COPY_PHASE_STRIP = NO;
				DEBUG_INFORMATION_FORMAT = "dwarf-with-dsym";
				ENABLE_NS_ASSERTIONS = NO;
				ENABLE_STRICT_OBJC_MSGSEND = YES;
				ENABLE_USER_SCRIPT_SANDBOXING = YES;
				GCC_C_LANGUAGE_STANDARD = gnu17;
				GCC_NO_COMMON_BLOCKS = YES;
				GCC_WARN_64_TO_32_BIT_CONVERSION = YES;
				GCC_WARN_ABOUT_RETURN_TYPE = YES_ERROR;
				GCC_WARN_UNDECLARED_SELECTOR = YES;
				GCC_WARN_UNINITIALIZED_AUTOS = YES_AGGRESSIVE;
				GCC_WARN_UNUSED_FUNCTION = YES;
				GCC_WARN_UNUSED_VARIABLE = YES;
				IPHONEOS_DEPLOYMENT_TARGET = 17.0;
				LOCALIZATION_PREFERS_STRING_CATALOGS = YES;
				MTL_ENABLE_DEBUG_INFO = NO;
				MTL_FAST_MATH = YES;
				SDKROOT = iphoneos;
				SWIFT_COMPILATION_MODE = wholemodule;
				VALIDATE_PRODUCT = YES;
			};
			name = Release;
		};
		FE6334DA2B3055CD005B3AB2 /* Debug */ = {
			isa = XCBuildConfiguration;
			buildSettings = {
				ASSETCATALOG_COMPILER_APPICON_NAME = AppIcon;
				ASSETCATALOG_COMPILER_GLOBAL_ACCENT_COLOR_NAME = AccentColor;
				CODE_SIGN_STYLE = Automatic;
				CURRENT_PROJECT_VERSION = 1;
				DEVELOPMENT_TEAM = YCQ4KH7F3F;
				GENERATE_INFOPLIST_FILE = YES;
				INFOPLIST_FILE = FilmlerApp/Info.plist;
				INFOPLIST_KEY_UIApplicationSupportsIndirectInputEvents = YES;
				INFOPLIST_KEY_UILaunchStoryboardName = LaunchScreen;
				INFOPLIST_KEY_UIMainStoryboardFile = Main;
				INFOPLIST_KEY_UISupportedInterfaceOrientations_iPad = "UIInterfaceOrientationPortrait UIInterfaceOrientationPortraitUpsideDown UIInterfaceOrientationLandscapeLeft UIInterfaceOrientationLandscapeRight";
				INFOPLIST_KEY_UISupportedInterfaceOrientations_iPhone = "UIInterfaceOrientationPortrait UIInterfaceOrientationLandscapeLeft UIInterfaceOrientationLandscapeRight";
				LD_RUNPATH_SEARCH_PATHS = (
					"$(inherited)",
					"@executable_path/Frameworks",
				);
				MARKETING_VERSION = 1.0;
				PRODUCT_BUNDLE_IDENTIFIER = com.eminecetinkaya.FilmlerApp;
				PRODUCT_NAME = "$(TARGET_NAME)";
				SWIFT_EMIT_LOC_STRINGS = YES;
				SWIFT_VERSION = 5.0;
				TARGETED_DEVICE_FAMILY = "1,2";
			};
			name = Debug;
		};
		FE6334DB2B3055CD005B3AB2 /* Release */ = {
			isa = XCBuildConfiguration;
			buildSettings = {
				ASSETCATALOG_COMPILER_APPICON_NAME = AppIcon;
				ASSETCATALOG_COMPILER_GLOBAL_ACCENT_COLOR_NAME = AccentColor;
				CODE_SIGN_STYLE = Automatic;
				CURRENT_PROJECT_VERSION = 1;
				DEVELOPMENT_TEAM = YCQ4KH7F3F;
				GENERATE_INFOPLIST_FILE = YES;
				INFOPLIST_FILE = FilmlerApp/Info.plist;
				INFOPLIST_KEY_UIApplicationSupportsIndirectInputEvents = YES;
				INFOPLIST_KEY_UILaunchStoryboardName = LaunchScreen;
				INFOPLIST_KEY_UIMainStoryboardFile = Main;
				INFOPLIST_KEY_UISupportedInterfaceOrientations_iPad = "UIInterfaceOrientationPortrait UIInterfaceOrientationPortraitUpsideDown UIInterfaceOrientationLandscapeLeft UIInterfaceOrientationLandscapeRight";
				INFOPLIST_KEY_UISupportedInterfaceOrientations_iPhone = "UIInterfaceOrientationPortrait UIInterfaceOrientationLandscapeLeft UIInterfaceOrientationLandscapeRight";
				LD_RUNPATH_SEARCH_PATHS = (
					"$(inherited)",
					"@executable_path/Frameworks",
				);
				MARKETING_VERSION = 1.0;
				PRODUCT_BUNDLE_IDENTIFIER = com.eminecetinkaya.FilmlerApp;
				PRODUCT_NAME = "$(TARGET_NAME)";
				SWIFT_EMIT_LOC_STRINGS = YES;
				SWIFT_VERSION = 5.0;
				TARGETED_DEVICE_FAMILY = "1,2";
			};
			name = Release;
		};
/* End XCBuildConfiguration section */

/* Begin XCConfigurationList section */
		FE6334C02B3055CC005B3AB2 /* Build configuration list for PBXProject "FilmlerApp" */ = {
			isa = XCConfigurationList;
			buildConfigurations = (
				FE6334D72B3055CD005B3AB2 /* Debug */,
				FE6334D82B3055CD005B3AB2 /* Release */,
			);
			defaultConfigurationIsVisible = 0;
			defaultConfigurationName = Release;
		};
		FE6334D92B3055CD005B3AB2 /* Build configuration list for PBXNativeTarget "FilmlerApp" */ = {
			isa = XCConfigurationList;
			buildConfigurations = (
				FE6334DA2B3055CD005B3AB2 /* Debug */,
				FE6334DB2B3055CD005B3AB2 /* Release */,
			);
			defaultConfigurationIsVisible = 0;
			defaultConfigurationName = Release;
		};
/* End XCConfigurationList section */
	};
	rootObject = FE6334BD2B3055CC005B3AB2 /* Project object */;
}
