// !$*UTF8*$!
{
	archiveVersion = 1;
	classes = {
	};
	objectVersion = 56;
	objects = {

/* Begin PBXBuildFile section */
		FE3663602B235AC900385DA7 /* AppDelegate.swift in Sources */ = {isa = PBXBuildFile; fileRef = FE36635F2B235AC900385DA7 /* AppDelegate.swift */; };
		FE3663622B235AC900385DA7 /* SceneDelegate.swift in Sources */ = {isa = PBXBuildFile; fileRef = FE3663612B235AC900385DA7 /* SceneDelegate.swift */; };
		FE3663642B235AC900385DA7 /* AnasayfaVC.swift in Sources */ = {isa = PBXBuildFile; fileRef = FE3663632B235AC900385DA7 /* AnasayfaVC.swift */; };
		FE3663672B235AC900385DA7 /* Main.storyboard in Resources */ = {isa = PBXBuildFile; fileRef = FE3663652B235AC900385DA7 /* Main.storyboard */; };
		FE3663692B235ACC00385DA7 /* Assets.xcassets in Resources */ = {isa = PBXBuildFile; fileRef = FE3663682B235ACC00385DA7 /* Assets.xcassets */; };
		FE36636C2B235ACD00385DA7 /* LaunchScreen.storyboard in Resources */ = {isa = PBXBuildFile; fileRef = FE36636A2B235ACD00385DA7 /* LaunchScreen.storyboard */; };
		FE3663762B2361EE00385DA7 /* SayfaAVC.swift in Sources */ = {isa = PBXBuildFile; fileRef = FE3663752B2361EE00385DA7 /* SayfaAVC.swift */; };
		FE3663782B2362C600385DA7 /* SayfaBVC.swift in Sources */ = {isa = PBXBuildFile; fileRef = FE3663772B2362C600385DA7 /* SayfaBVC.swift */; };
		FE36637A2B2362DF00385DA7 /* SayfaXVC.swift in Sources */ = {isa = PBXBuildFile; fileRef = FE3663792B2362DF00385DA7 /* SayfaXVC.swift */; };
		FE36637C2B2362F200385DA7 /* SayfaYVC.swift in Sources */ = {isa = PBXBuildFile; fileRef = FE36637B2B2362F200385DA7 /* SayfaYVC.swift */; };
/* End PBXBuildFile section */

/* Begin PBXFileReference section */
		FE36635C2B235AC900385DA7 /* Odev4Gecis.app */ = {isa = PBXFileReference; explicitFileType = wrapper.application; includeInIndex = 0; path = Odev4Gecis.app; sourceTree = BUILT_PRODUCTS_DIR; };
		FE36635F2B235AC900385DA7 /* AppDelegate.swift */ = {isa = PBXFileReference; lastKnownFileType = sourcecode.swift; path = AppDelegate.swift; sourceTree = "<group>"; };
		FE3663612B235AC900385DA7 /* SceneDelegate.swift */ = {isa = PBXFileReference; lastKnownFileType = sourcecode.swift; path = SceneDelegate.swift; sourceTree = "<group>"; };
		FE3663632B235AC900385DA7 /* AnasayfaVC.swift */ = {isa = PBXFileReference; lastKnownFileType = sourcecode.swift; path = AnasayfaVC.swift; sourceTree = "<group>"; };
		FE3663662B235AC900385DA7 /* Base */ = {isa = PBXFileReference; lastKnownFileType = file.storyboard; name = Base; path = Base.lproj/Main.storyboard; sourceTree = "<group>"; };
		FE3663682B235ACC00385DA7 /* Assets.xcassets */ = {isa = PBXFileReference; lastKnownFileType = folder.assetcatalog; path = Assets.xcassets; sourceTree = "<group>"; };
		FE36636B2B235ACD00385DA7 /* Base */ = {isa = PBXFileReference; lastKnownFileType = file.storyboard; name = Base; path = Base.lproj/LaunchScreen.storyboard; sourceTree = "<group>"; };
		FE36636D2B235ACD00385DA7 /* Info.plist */ = {isa = PBXFileReference; lastKnownFileType = text.plist.xml; path = Info.plist; sourceTree = "<group>"; };
		FE3663752B2361EE00385DA7 /* SayfaAVC.swift */ = {isa = PBXFileReference; lastKnownFileType = sourcecode.swift; path = SayfaAVC.swift; sourceTree = "<group>"; };
		FE3663772B2362C600385DA7 /* SayfaBVC.swift */ = {isa = PBXFileReference; lastKnownFileType = sourcecode.swift; path = SayfaBVC.swift; sourceTree = "<group>"; };
		FE3663792B2362DF00385DA7 /* SayfaXVC.swift */ = {isa = PBXFileReference; lastKnownFileType = sourcecode.swift; path = SayfaXVC.swift; sourceTree = "<group>"; };
		FE36637B2B2362F200385DA7 /* SayfaYVC.swift */ = {isa = PBXFileReference; lastKnownFileType = sourcecode.swift; path = SayfaYVC.swift; sourceTree = "<group>"; };
/* End PBXFileReference section */

/* Begin PBXFrameworksBuildPhase section */
		FE3663592B235AC900385DA7 /* Frameworks */ = {
			isa = PBXFrameworksBuildPhase;
			buildActionMask = 2147483647;
			files = (
			);
			runOnlyForDeploymentPostprocessing = 0;
		};
/* End PBXFrameworksBuildPhase section */

/* Begin PBXGroup section */
		FE3663532B235AC900385DA7 = {
			isa = PBXGroup;
			children = (
				FE36635E2B235AC900385DA7 /* Odev4Gecis */,
				FE36635D2B235AC900385DA7 /* Products */,
			);
			sourceTree = "<group>";
		};
		FE36635D2B235AC900385DA7 /* Products */ = {
			isa = PBXGroup;
			children = (
				FE36635C2B235AC900385DA7 /* Odev4Gecis.app */,
			);
			name = Products;
			sourceTree = "<group>";
		};
		FE36635E2B235AC900385DA7 /* Odev4Gecis */ = {
			isa = PBXGroup;
			children = (
				FE36635F2B235AC900385DA7 /* AppDelegate.swift */,
				FE3663612B235AC900385DA7 /* SceneDelegate.swift */,
				FE3663632B235AC900385DA7 /* AnasayfaVC.swift */,
				FE3663792B2362DF00385DA7 /* SayfaXVC.swift */,
				FE36637B2B2362F200385DA7 /* SayfaYVC.swift */,
				FE3663752B2361EE00385DA7 /* SayfaAVC.swift */,
				FE3663772B2362C600385DA7 /* SayfaBVC.swift */,
				FE3663652B235AC900385DA7 /* Main.storyboard */,
				FE3663682B235ACC00385DA7 /* Assets.xcassets */,
				FE36636A2B235ACD00385DA7 /* LaunchScreen.storyboard */,
				FE36636D2B235ACD00385DA7 /* Info.plist */,
			);
			path = Odev4Gecis;
			sourceTree = "<group>";
		};
/* End PBXGroup section */

/* Begin PBXNativeTarget section */
		FE36635B2B235AC900385DA7 /* Odev4Gecis */ = {
			isa = PBXNativeTarget;
			buildConfigurationList = FE3663702B235ACD00385DA7 /* Build configuration list for PBXNativeTarget "Odev4Gecis" */;
			buildPhases = (
				FE3663582B235AC900385DA7 /* Sources */,
				FE3663592B235AC900385DA7 /* Frameworks */,
				FE36635A2B235AC900385DA7 /* Resources */,
			);
			buildRules = (
			);
			dependencies = (
			);
			name = Odev4Gecis;
			productName = Odev4Gecis;
			productReference = FE36635C2B235AC900385DA7 /* Odev4Gecis.app */;
			productType = "com.apple.product-type.application";
		};
/* End PBXNativeTarget section */

/* Begin PBXProject section */
		FE3663542B235AC900385DA7 /* Project object */ = {
			isa = PBXProject;
			attributes = {
				BuildIndependentTargetsInParallel = 1;
				LastSwiftUpdateCheck = 1500;
				LastUpgradeCheck = 1500;
				TargetAttributes = {
					FE36635B2B235AC900385DA7 = {
						CreatedOnToolsVersion = 15.0.1;
					};
				};
			};
			buildConfigurationList = FE3663572B235AC900385DA7 /* Build configuration list for PBXProject "Odev4Gecis" */;
			compatibilityVersion = "Xcode 14.0";
			developmentRegion = en;
			hasScannedForEncodings = 0;
			knownRegions = (
				en,
				Base,
			);
			mainGroup = FE3663532B235AC900385DA7;
			productRefGroup = FE36635D2B235AC900385DA7 /* Products */;
			projectDirPath = "";
			projectRoot = "";
			targets = (
				FE36635B2B235AC900385DA7 /* Odev4Gecis */,
			);
		};
/* End PBXProject section */

/* Begin PBXResourcesBuildPhase section */
		FE36635A2B235AC900385DA7 /* Resources */ = {
			isa = PBXResourcesBuildPhase;
			buildActionMask = 2147483647;
			files = (
				FE36636C2B235ACD00385DA7 /* LaunchScreen.storyboard in Resources */,
				FE3663692B235ACC00385DA7 /* Assets.xcassets in Resources */,
				FE3663672B235AC900385DA7 /* Main.storyboard in Resources */,
			);
			runOnlyForDeploymentPostprocessing = 0;
		};
/* End PBXResourcesBuildPhase section */

/* Begin PBXSourcesBuildPhase section */
		FE3663582B235AC900385DA7 /* Sources */ = {
			isa = PBXSourcesBuildPhase;
			buildActionMask = 2147483647;
			files = (
				FE36637C2B2362F200385DA7 /* SayfaYVC.swift in Sources */,
				FE36637A2B2362DF00385DA7 /* SayfaXVC.swift in Sources */,
				FE3663762B2361EE00385DA7 /* SayfaAVC.swift in Sources */,
				FE3663642B235AC900385DA7 /* AnasayfaVC.swift in Sources */,
				FE3663602B235AC900385DA7 /* AppDelegate.swift in Sources */,
				FE3663622B235AC900385DA7 /* SceneDelegate.swift in Sources */,
				FE3663782B2362C600385DA7 /* SayfaBVC.swift in Sources */,
			);
			runOnlyForDeploymentPostprocessing = 0;
		};
/* End PBXSourcesBuildPhase section */

/* Begin PBXVariantGroup section */
		FE3663652B235AC900385DA7 /* Main.storyboard */ = {
			isa = PBXVariantGroup;
			children = (
				FE3663662B235AC900385DA7 /* Base */,
			);
			name = Main.storyboard;
			sourceTree = "<group>";
		};
		FE36636A2B235ACD00385DA7 /* LaunchScreen.storyboard */ = {
			isa = PBXVariantGroup;
			children = (
				FE36636B2B235ACD00385DA7 /* Base */,
			);
			name = LaunchScreen.storyboard;
			sourceTree = "<group>";
		};
/* End PBXVariantGroup section */

/* Begin XCBuildConfiguration section */
		FE36636E2B235ACD00385DA7 /* Debug */ = {
			isa = XCBuildConfiguration;
			buildSettings = {
				ALWAYS_SEARCH_USER_PATHS = NO;
				ASSETCATALOG_COMPILER_GENERATE_SWIFT_ASSET_SYMBOL_EXTENSIONS = YES;
				CLANG_ANALYZER_NONNULL = YES;
				CLANG_ANALYZER_NUMBER_OBJECT_CONVERSION = YES_AGGRESSIVE;
				CLANG_CXX_LANGUAGE_STANDARD = "gnu++20";
				CLANG_ENABLE_MODULES = YES;
				CLANG_ENABLE_OBJC_ARC = YES;
				CLANG_ENABLE_OBJC_WEAK = YES;
				CLANG_WARN_BLOCK_CAPTURE_AUTORELEASING = YES;
				CLANG_WARN_BOOL_CONVERSION = YES;
				CLANG_WARN_COMMA = YES;
				CLANG_WARN_CONSTANT_CONVERSION = YES;
				CLANG_WARN_DEPRECATED_OBJC_IMPLEMENTATIONS = YES;
				CLANG_WARN_DIRECT_OBJC_ISA_USAGE = YES_ERROR;
				CLANG_WARN_DOCUMENTATION_COMMENTS = YES;
				CLANG_WARN_EMPTY_BODY = YES;
				CLANG_WARN_ENUM_CONVERSION = YES;
				CLANG_WARN_INFINITE_RECURSION = YES;
				CLANG_WARN_INT_CONVERSION = YES;
				CLANG_WARN_NON_LITERAL_NULL_CONVERSION = YES;
				CLANG_WARN_OBJC_IMPLICIT_RETAIN_SELF = YES;
				CLANG_WARN_OBJC_LITERAL_CONVERSION = YES;
				CLANG_WARN_OBJC_ROOT_CLASS = YES_ERROR;
				CLANG_WARN_QUOTED_INCLUDE_IN_FRAMEWORK_HEADER = YES;
				CLANG_WARN_RANGE_LOOP_ANALYSIS = YES;
				CLANG_WARN_STRICT_PROTOTYPES = YES;
				CLANG_WARN_SUSPICIOUS_MOVE = YES;
				CLANG_WARN_UNGUARDED_AVAILABILITY = YES_AGGRESSIVE;
				CLANG_WARN_UNREACHABLE_CODE = YES;
				CLANG_WARN__DUPLICATE_METHOD_MATCH = YES;
				COPY_PHASE_STRIP = NO;
				DEBUG_INFORMATION_FORMAT = dwarf;
				ENABLE_STRICT_OBJC_MSGSEND = YES;
				ENABLE_TESTABILITY = YES;
				ENABLE_USER_SCRIPT_SANDBOXING = YES;
				GCC_C_LANGUAGE_STANDARD = gnu17;
				GCC_DYNAMIC_NO_PIC = NO;
				GCC_NO_COMMON_BLOCKS = YES;
				GCC_OPTIMIZATION_LEVEL = 0;
				GCC_PREPROCESSOR_DEFINITIONS = (
					"DEBUG=1",
					"$(inherited)",
				);
				GCC_WARN_64_TO_32_BIT_CONVERSION = YES;
				GCC_WARN_ABOUT_RETURN_TYPE = YES_ERROR;
				GCC_WARN_UNDECLARED_SELECTOR = YES;
				GCC_WARN_UNINITIALIZED_AUTOS = YES_AGGRESSIVE;
				GCC_WARN_UNUSED_FUNCTION = YES;
				GCC_WARN_UNUSED_VARIABLE = YES;
				IPHONEOS_DEPLOYMENT_TARGET = 17.0;
				LOCALIZATION_PREFERS_STRING_CATALOGS = YES;
				MTL_ENABLE_DEBUG_INFO = INCLUDE_SOURCE;
				MTL_FAST_MATH = YES;
				ONLY_ACTIVE_ARCH = YES;
				SDKROOT = iphoneos;
				SWIFT_ACTIVE_COMPILATION_CONDITIONS = "DEBUG $(inherited)";
				SWIFT_OPTIMIZATION_LEVEL = "-Onone";
			};
			name = Debug;
		};
		FE36636F2B235ACD00385DA7 /* Release */ = {
			isa = XCBuildConfiguration;
			buildSettings = {
				ALWAYS_SEARCH_USER_PATHS = NO;
				ASSETCATALOG_COMPILER_GENERATE_SWIFT_ASSET_SYMBOL_EXTENSIONS = YES;
				CLANG_ANALYZER_NONNULL = YES;
				CLANG_ANALYZER_NUMBER_OBJECT_CONVERSION = YES_AGGRESSIVE;
				CLANG_CXX_LANGUAGE_STANDARD = "gnu++20";
				CLANG_ENABLE_MODULES = YES;
				CLANG_ENABLE_OBJC_ARC = YES;
				CLANG_ENABLE_OBJC_WEAK = YES;
				CLANG_WARN_BLOCK_CAPTURE_AUTORELEASING = YES;
				CLANG_WARN_BOOL_CONVERSION = YES;
				CLANG_WARN_COMMA = YES;
				CLANG_WARN_CONSTANT_CONVERSION = YES;
				CLANG_WARN_DEPRECATED_OBJC_IMPLEMENTATIONS = YES;
				CLANG_WARN_DIRECT_OBJC_ISA_USAGE = YES_ERROR;
				CLANG_WARN_DOCUMENTATION_COMMENTS = YES;
				CLANG_WARN_EMPTY_BODY = YES;
				CLANG_WARN_ENUM_CONVERSION = YES;
				CLANG_WARN_INFINITE_RECURSION = YES;
				CLANG_WARN_INT_CONVERSION = YES;
				CLANG_WARN_NON_LITERAL_NULL_CONVERSION = YES;
				CLANG_WARN_OBJC_IMPLICIT_RETAIN_SELF = YES;
				CLANG_WARN_OBJC_LITERAL_CONVERSION = YES;
				CLANG_WARN_OBJC_ROOT_CLASS = YES_ERROR;
				CLANG_WARN_QUOTED_INCLUDE_IN_FRAMEWORK_HEADER = YES;
				CLANG_WARN_RANGE_LOOP_ANALYSIS = YES;
				CLANG_WARN_STRICT_PROTOTYPES = YES;
				CLANG_WARN_SUSPICIOUS_MOVE = YES;
				CLANG_WARN_UNGUARDED_AVAILABILITY = YES_AGGRESSIVE;
				CLANG_WARN_UNREACHABLE_CODE = YES;
				CLANG_WARN__DUPLICATE_METHOD_MATCH = YES;
				COPY_PHASE_STRIP = NO;
				DEBUG_INFORMATION_FORMAT = "dwarf-with-dsym";
				ENABLE_NS_ASSERTIONS = NO;
				ENABLE_STRICT_OBJC_MSGSEND = YES;
				ENABLE_USER_SCRIPT_SANDBOXING = YES;
				GCC_C_LANGUAGE_STANDARD = gnu17;
				GCC_NO_COMMON_BLOCKS = YES;
				GCC_WARN_64_TO_32_BIT_CONVERSION = YES;
				GCC_WARN_ABOUT_RETURN_TYPE = YES_ERROR;
				GCC_WARN_UNDECLARED_SELECTOR = YES;
				GCC_WARN_UNINITIALIZED_AUTOS = YES_AGGRESSIVE;
				GCC_WARN_UNUSED_FUNCTION = YES;
				GCC_WARN_UNUSED_VARIABLE = YES;
				IPHONEOS_DEPLOYMENT_TARGET = 17.0;
				LOCALIZATION_PREFERS_STRING_CATALOGS = YES;
				MTL_ENABLE_DEBUG_INFO = NO;
				MTL_FAST_MATH = YES;
				SDKROOT = iphoneos;
				SWIFT_COMPILATION_MODE = wholemodule;
				VALIDATE_PRODUCT = YES;
			};
			name = Release;
		};
		FE3663712B235ACD00385DA7 /* Debug */ = {
			isa = XCBuildConfiguration;
			buildSettings = {
				ASSETCATALOG_COMPILER_APPICON_NAME = AppIcon;
				ASSETCATALOG_COMPILER_GLOBAL_ACCENT_COLOR_NAME = AccentColor;
				CODE_SIGN_STYLE = Automatic;
				CURRENT_PROJECT_VERSION = 1;
				DEVELOPMENT_TEAM = YCQ4KH7F3F;
				GENERATE_INFOPLIST_FILE = YES;
				INFOPLIST_FILE = Odev4Gecis/Info.plist;
				INFOPLIST_KEY_UIApplicationSupportsIndirectInputEvents = YES;
				INFOPLIST_KEY_UILaunchStoryboardName = LaunchScreen;
				INFOPLIST_KEY_UIMainStoryboardFile = Main;
				INFOPLIST_KEY_UISupportedInterfaceOrientations_iPad = "UIInterfaceOrientationPortrait UIInterfaceOrientationPortraitUpsideDown UIInterfaceOrientationLandscapeLeft UIInterfaceOrientationLandscapeRight";
				INFOPLIST_KEY_UISupportedInterfaceOrientations_iPhone = "UIInterfaceOrientationPortrait UIInterfaceOrientationLandscapeLeft UIInterfaceOrientationLandscapeRight";
				LD_RUNPATH_SEARCH_PATHS = (
					"$(inherited)",
					"@executable_path/Frameworks",
				);
				MARKETING_VERSION = 1.0;
				PRODUCT_BUNDLE_IDENTIFIER = com.eminecetinkaya.Odev4Gecis;
				PRODUCT_NAME = "$(TARGET_NAME)";
				SWIFT_EMIT_LOC_STRINGS = YES;
				SWIFT_VERSION = 5.0;
				TARGETED_DEVICE_FAMILY = "1,2";
			};
			name = Debug;
		};
		FE3663722B235ACD00385DA7 /* Release */ = {
			isa = XCBuildConfiguration;
			buildSettings = {
				ASSETCATALOG_COMPILER_APPICON_NAME = AppIcon;
				ASSETCATALOG_COMPILER_GLOBAL_ACCENT_COLOR_NAME = AccentColor;
				CODE_SIGN_STYLE = Automatic;
				CURRENT_PROJECT_VERSION = 1;
				DEVELOPMENT_TEAM = YCQ4KH7F3F;
				GENERATE_INFOPLIST_FILE = YES;
				INFOPLIST_FILE = Odev4Gecis/Info.plist;
				INFOPLIST_KEY_UIApplicationSupportsIndirectInputEvents = YES;
				INFOPLIST_KEY_UILaunchStoryboardName = LaunchScreen;
				INFOPLIST_KEY_UIMainStoryboardFile = Main;
				INFOPLIST_KEY_UISupportedInterfaceOrientations_iPad = "UIInterfaceOrientationPortrait UIInterfaceOrientationPortraitUpsideDown UIInterfaceOrientationLandscapeLeft UIInterfaceOrientationLandscapeRight";
				INFOPLIST_KEY_UISupportedInterfaceOrientations_iPhone = "UIInterfaceOrientationPortrait UIInterfaceOrientationLandscapeLeft UIInterfaceOrientationLandscapeRight";
				LD_RUNPATH_SEARCH_PATHS = (
					"$(inherited)",
					"@executable_path/Frameworks",
				);
				MARKETING_VERSION = 1.0;
				PRODUCT_BUNDLE_IDENTIFIER = com.eminecetinkaya.Odev4Gecis;
				PRODUCT_NAME = "$(TARGET_NAME)";
				SWIFT_EMIT_LOC_STRINGS = YES;
				SWIFT_VERSION = 5.0;
				TARGETED_DEVICE_FAMILY = "1,2";
			};
			name = Release;
		};
/* End XCBuildConfiguration section */

/* Begin XCConfigurationList section */
		FE3663572B235AC900385DA7 /* Build configuration list for PBXProject "Odev4Gecis" */ = {
			isa = XCConfigurationList;
			buildConfigurations = (
				FE36636E2B235ACD00385DA7 /* Debug */,
				FE36636F2B235ACD00385DA7 /* Release */,
			);
			defaultConfigurationIsVisible = 0;
			defaultConfigurationName = Release;
		};
		FE3663702B235ACD00385DA7 /* Build configuration list for PBXNativeTarget "Odev4Gecis" */ = {
			isa = XCConfigurationList;
			buildConfigurations = (
				FE3663712B235ACD00385DA7 /* Debug */,
				FE3663722B235ACD00385DA7 /* Release */,
			);
			defaultConfigurationIsVisible = 0;
			defaultConfigurationName = Release;
		};
/* End XCConfigurationList section */
	};
	rootObject = FE3663542B235AC900385DA7 /* Project object */;
}
