// !$*UTF8*$!
{
	archiveVersion = 1;
	classes = {
	};
	objectVersion = 56;
	objects = {

/* Begin PBXBuildFile section */
		FE3663182B22E77200385DA7 /* AppDelegate.swift in Sources */ = {isa = PBXBuildFile; fileRef = FE3663172B22E77200385DA7 /* AppDelegate.swift */; };
		FE36631A2B22E77200385DA7 /* SceneDelegate.swift in Sources */ = {isa = PBXBuildFile; fileRef = FE3663192B22E77200385DA7 /* SceneDelegate.swift */; };
		FE36631C2B22E77200385DA7 /* AnasayfaVC.swift in Sources */ = {isa = PBXBuildFile; fileRef = FE36631B2B22E77200385DA7 /* AnasayfaVC.swift */; };
		FE36631F2B22E77200385DA7 /* Main.storyboard in Resources */ = {isa = PBXBuildFile; fileRef = FE36631D2B22E77200385DA7 /* Main.storyboard */; };
		FE3663212B22E77300385DA7 /* Assets.xcassets in Resources */ = {isa = PBXBuildFile; fileRef = FE3663202B22E77300385DA7 /* Assets.xcassets */; };
		FE3663242B22E77300385DA7 /* LaunchScreen.storyboard in Resources */ = {isa = PBXBuildFile; fileRef = FE3663222B22E77300385DA7 /* LaunchScreen.storyboard */; };
		FE36632C2B22E8FD00385DA7 /* OyunEkraniVC.swift in Sources */ = {isa = PBXBuildFile; fileRef = FE36632B2B22E8FD00385DA7 /* OyunEkraniVC.swift */; };
		FE36632E2B22E94200385DA7 /* SonucEkraniVC.swift in Sources */ = {isa = PBXBuildFile; fileRef = FE36632D2B22E94200385DA7 /* SonucEkraniVC.swift */; };
		FE3663302B23073F00385DA7 /* Kisiler.swift in Sources */ = {isa = PBXBuildFile; fileRef = FE36632F2B23073F00385DA7 /* Kisiler.swift */; };
/* End PBXBuildFile section */

/* Begin PBXFileReference section */
		FE3663142B22E77200385DA7 /* CalismaYapisi.app */ = {isa = PBXFileReference; explicitFileType = wrapper.application; includeInIndex = 0; path = CalismaYapisi.app; sourceTree = BUILT_PRODUCTS_DIR; };
		FE3663172B22E77200385DA7 /* AppDelegate.swift */ = {isa = PBXFileReference; lastKnownFileType = sourcecode.swift; path = AppDelegate.swift; sourceTree = "<group>"; };
		FE3663192B22E77200385DA7 /* SceneDelegate.swift */ = {isa = PBXFileReference; lastKnownFileType = sourcecode.swift; path = SceneDelegate.swift; sourceTree = "<group>"; };
		FE36631B2B22E77200385DA7 /* AnasayfaVC.swift */ = {isa = PBXFileReference; lastKnownFileType = sourcecode.swift; path = AnasayfaVC.swift; sourceTree = "<group>"; };
		FE36631E2B22E77200385DA7 /* Base */ = {isa = PBXFileReference; lastKnownFileType = file.storyboard; name = Base; path = Base.lproj/Main.storyboard; sourceTree = "<group>"; };
		FE3663202B22E77300385DA7 /* Assets.xcassets */ = {isa = PBXFileReference; lastKnownFileType = folder.assetcatalog; path = Assets.xcassets; sourceTree = "<group>"; };
		FE3663232B22E77300385DA7 /* Base */ = {isa = PBXFileReference; lastKnownFileType = file.storyboard; name = Base; path = Base.lproj/LaunchScreen.storyboard; sourceTree = "<group>"; };
		FE3663252B22E77300385DA7 /* Info.plist */ = {isa = PBXFileReference; lastKnownFileType = text.plist.xml; path = Info.plist; sourceTree = "<group>"; };
		FE36632B2B22E8FD00385DA7 /* OyunEkraniVC.swift */ = {isa = PBXFileReference; lastKnownFileType = sourcecode.swift; path = OyunEkraniVC.swift; sourceTree = "<group>"; };
		FE36632D2B22E94200385DA7 /* SonucEkraniVC.swift */ = {isa = PBXFileReference; lastKnownFileType = sourcecode.swift; path = SonucEkraniVC.swift; sourceTree = "<group>"; };
		FE36632F2B23073F00385DA7 /* Kisiler.swift */ = {isa = PBXFileReference; lastKnownFileType = sourcecode.swift; path = Kisiler.swift; sourceTree = "<group>"; };
/* End PBXFileReference section */

/* Begin PBXFrameworksBuildPhase section */
		FE3663112B22E77200385DA7 /* Frameworks */ = {
			isa = PBXFrameworksBuildPhase;
			buildActionMask = 2147483647;
			files = (
			);
			runOnlyForDeploymentPostprocessing = 0;
		};
/* End PBXFrameworksBuildPhase section */

/* Begin PBXGroup section */
		FE36630B2B22E77200385DA7 = {
			isa = PBXGroup;
			children = (
				FE3663162B22E77200385DA7 /* CalismaYapisi */,
				FE3663152B22E77200385DA7 /* Products */,
			);
			sourceTree = "<group>";
		};
		FE3663152B22E77200385DA7 /* Products */ = {
			isa = PBXGroup;
			children = (
				FE3663142B22E77200385DA7 /* CalismaYapisi.app */,
			);
			name = Products;
			sourceTree = "<group>";
		};
		FE3663162B22E77200385DA7 /* CalismaYapisi */ = {
			isa = PBXGroup;
			children = (
				FE3663172B22E77200385DA7 /* AppDelegate.swift */,
				FE3663192B22E77200385DA7 /* SceneDelegate.swift */,
				FE36631B2B22E77200385DA7 /* AnasayfaVC.swift */,
				FE36632B2B22E8FD00385DA7 /* OyunEkraniVC.swift */,
				FE36632D2B22E94200385DA7 /* SonucEkraniVC.swift */,
				FE36632F2B23073F00385DA7 /* Kisiler.swift */,
				FE36631D2B22E77200385DA7 /* Main.storyboard */,
				FE3663202B22E77300385DA7 /* Assets.xcassets */,
				FE3663222B22E77300385DA7 /* LaunchScreen.storyboard */,
				FE3663252B22E77300385DA7 /* Info.plist */,
			);
			path = CalismaYapisi;
			sourceTree = "<group>";
		};
/* End PBXGroup section */

/* Begin PBXNativeTarget section */
		FE3663132B22E77200385DA7 /* CalismaYapisi */ = {
			isa = PBXNativeTarget;
			buildConfigurationList = FE3663282B22E77300385DA7 /* Build configuration list for PBXNativeTarget "CalismaYapisi" */;
			buildPhases = (
				FE3663102B22E77200385DA7 /* Sources */,
				FE3663112B22E77200385DA7 /* Frameworks */,
				FE3663122B22E77200385DA7 /* Resources */,
			);
			buildRules = (
			);
			dependencies = (
			);
			name = CalismaYapisi;
			productName = CalismaYapisi;
			productReference = FE3663142B22E77200385DA7 /* CalismaYapisi.app */;
			productType = "com.apple.product-type.application";
		};
/* End PBXNativeTarget section */

/* Begin PBXProject section */
		FE36630C2B22E77200385DA7 /* Project object */ = {
			isa = PBXProject;
			attributes = {
				BuildIndependentTargetsInParallel = 1;
				LastSwiftUpdateCheck = 1500;
				LastUpgradeCheck = 1500;
				TargetAttributes = {
					FE3663132B22E77200385DA7 = {
						CreatedOnToolsVersion = 15.0.1;
					};
				};
			};
			buildConfigurationList = FE36630F2B22E77200385DA7 /* Build configuration list for PBXProject "CalismaYapisi" */;
			compatibilityVersion = "Xcode 14.0";
			developmentRegion = en;
			hasScannedForEncodings = 0;
			knownRegions = (
				en,
				Base,
			);
			mainGroup = FE36630B2B22E77200385DA7;
			productRefGroup = FE3663152B22E77200385DA7 /* Products */;
			projectDirPath = "";
			projectRoot = "";
			targets = (
				FE3663132B22E77200385DA7 /* CalismaYapisi */,
			);
		};
/* End PBXProject section */

/* Begin PBXResourcesBuildPhase section */
		FE3663122B22E77200385DA7 /* Resources */ = {
			isa = PBXResourcesBuildPhase;
			buildActionMask = 2147483647;
			files = (
				FE3663242B22E77300385DA7 /* LaunchScreen.storyboard in Resources */,
				FE3663212B22E77300385DA7 /* Assets.xcassets in Resources */,
				FE36631F2B22E77200385DA7 /* Main.storyboard in Resources */,
			);
			runOnlyForDeploymentPostprocessing = 0;
		};
/* End PBXResourcesBuildPhase section */

/* Begin PBXSourcesBuildPhase section */
		FE3663102B22E77200385DA7 /* Sources */ = {
			isa = PBXSourcesBuildPhase;
			buildActionMask = 2147483647;
			files = (
				FE36632E2B22E94200385DA7 /* SonucEkraniVC.swift in Sources */,
				FE36631C2B22E77200385DA7 /* AnasayfaVC.swift in Sources */,
				FE3663182B22E77200385DA7 /* AppDelegate.swift in Sources */,
				FE36631A2B22E77200385DA7 /* SceneDelegate.swift in Sources */,
				FE36632C2B22E8FD00385DA7 /* OyunEkraniVC.swift in Sources */,
				FE3663302B23073F00385DA7 /* Kisiler.swift in Sources */,
			);
			runOnlyForDeploymentPostprocessing = 0;
		};
/* End PBXSourcesBuildPhase section */

/* Begin PBXVariantGroup section */
		FE36631D2B22E77200385DA7 /* Main.storyboard */ = {
			isa = PBXVariantGroup;
			children = (
				FE36631E2B22E77200385DA7 /* Base */,
			);
			name = Main.storyboard;
			sourceTree = "<group>";
		};
		FE3663222B22E77300385DA7 /* LaunchScreen.storyboard */ = {
			isa = PBXVariantGroup;
			children = (
				FE3663232B22E77300385DA7 /* Base */,
			);
			name = LaunchScreen.storyboard;
			sourceTree = "<group>";
		};
/* End PBXVariantGroup section */

/* Begin XCBuildConfiguration section */
		FE3663262B22E77300385DA7 /* Debug */ = {
			isa = XCBuildConfiguration;
			buildSettings = {
				ALWAYS_SEARCH_USER_PATHS = NO;
				ASSETCATALOG_COMPILER_GENERATE_SWIFT_ASSET_SYMBOL_EXTENSIONS = YES;
				CLANG_ANALYZER_NONNULL = YES;
				CLANG_ANALYZER_NUMBER_OBJECT_CONVERSION = YES_AGGRESSIVE;
				CLANG_CXX_LANGUAGE_STANDARD = "gnu++20";
				CLANG_ENABLE_MODULES = YES;
				CLANG_ENABLE_OBJC_ARC = YES;
				CLANG_ENABLE_OBJC_WEAK = YES;
				CLANG_WARN_BLOCK_CAPTURE_AUTORELEASING = YES;
				CLANG_WARN_BOOL_CONVERSION = YES;
				CLANG_WARN_COMMA = YES;
				CLANG_WARN_CONSTANT_CONVERSION = YES;
				CLANG_WARN_DEPRECATED_OBJC_IMPLEMENTATIONS = YES;
				CLANG_WARN_DIRECT_OBJC_ISA_USAGE = YES_ERROR;
				CLANG_WARN_DOCUMENTATION_COMMENTS = YES;
				CLANG_WARN_EMPTY_BODY = YES;
				CLANG_WARN_ENUM_CONVERSION = YES;
				CLANG_WARN_INFINITE_RECURSION = YES;
				CLANG_WARN_INT_CONVERSION = YES;
				CLANG_WARN_NON_LITERAL_NULL_CONVERSION = YES;
				CLANG_WARN_OBJC_IMPLICIT_RETAIN_SELF = YES;
				CLANG_WARN_OBJC_LITERAL_CONVERSION = YES;
				CLANG_WARN_OBJC_ROOT_CLASS = YES_ERROR;
				CLANG_WARN_QUOTED_INCLUDE_IN_FRAMEWORK_HEADER = YES;
				CLANG_WARN_RANGE_LOOP_ANALYSIS = YES;
				CLANG_WARN_STRICT_PROTOTYPES = YES;
				CLANG_WARN_SUSPICIOUS_MOVE = YES;
				CLANG_WARN_UNGUARDED_AVAILABILITY = YES_AGGRESSIVE;
				CLANG_WARN_UNREACHABLE_CODE = YES;
				CLANG_WARN__DUPLICATE_METHOD_MATCH = YES;
				COPY_PHASE_STRIP = NO;
				DEBUG_INFORMATION_FORMAT = dwarf;
				ENABLE_STRICT_OBJC_MSGSEND = YES;
				ENABLE_TESTABILITY = YES;
				ENABLE_USER_SCRIPT_SANDBOXING = YES;
				GCC_C_LANGUAGE_STANDARD = gnu17;
				GCC_DYNAMIC_NO_PIC = NO;
				GCC_NO_COMMON_BLOCKS = YES;
				GCC_OPTIMIZATION_LEVEL = 0;
				GCC_PREPROCESSOR_DEFINITIONS = (
					"DEBUG=1",
					"$(inherited)",
				);
				GCC_WARN_64_TO_32_BIT_CONVERSION = YES;
				GCC_WARN_ABOUT_RETURN_TYPE = YES_ERROR;
				GCC_WARN_UNDECLARED_SELECTOR = YES;
				GCC_WARN_UNINITIALIZED_AUTOS = YES_AGGRESSIVE;
				GCC_WARN_UNUSED_FUNCTION = YES;
				GCC_WARN_UNUSED_VARIABLE = YES;
				IPHONEOS_DEPLOYMENT_TARGET = 17.0;
				LOCALIZATION_PREFERS_STRING_CATALOGS = YES;
				MTL_ENABLE_DEBUG_INFO = INCLUDE_SOURCE;
				MTL_FAST_MATH = YES;
				ONLY_ACTIVE_ARCH = YES;
				SDKROOT = iphoneos;
				SWIFT_ACTIVE_COMPILATION_CONDITIONS = "DEBUG $(inherited)";
				SWIFT_OPTIMIZATION_LEVEL = "-Onone";
			};
			name = Debug;
		};
		FE3663272B22E77300385DA7 /* Release */ = {
			isa = XCBuildConfiguration;
			buildSettings = {
				ALWAYS_SEARCH_USER_PATHS = NO;
				ASSETCATALOG_COMPILER_GENERATE_SWIFT_ASSET_SYMBOL_EXTENSIONS = YES;
				CLANG_ANALYZER_NONNULL = YES;
				CLANG_ANALYZER_NUMBER_OBJECT_CONVERSION = YES_AGGRESSIVE;
				CLANG_CXX_LANGUAGE_STANDARD = "gnu++20";
				CLANG_ENABLE_MODULES = YES;
				CLANG_ENABLE_OBJC_ARC = YES;
				CLANG_ENABLE_OBJC_WEAK = YES;
				CLANG_WARN_BLOCK_CAPTURE_AUTORELEASING = YES;
				CLANG_WARN_BOOL_CONVERSION = YES;
				CLANG_WARN_COMMA = YES;
				CLANG_WARN_CONSTANT_CONVERSION = YES;
				CLANG_WARN_DEPRECATED_OBJC_IMPLEMENTATIONS = YES;
				CLANG_WARN_DIRECT_OBJC_ISA_USAGE = YES_ERROR;
				CLANG_WARN_DOCUMENTATION_COMMENTS = YES;
				CLANG_WARN_EMPTY_BODY = YES;
				CLANG_WARN_ENUM_CONVERSION = YES;
				CLANG_WARN_INFINITE_RECURSION = YES;
				CLANG_WARN_INT_CONVERSION = YES;
				CLANG_WARN_NON_LITERAL_NULL_CONVERSION = YES;
				CLANG_WARN_OBJC_IMPLICIT_RETAIN_SELF = YES;
				CLANG_WARN_OBJC_LITERAL_CONVERSION = YES;
				CLANG_WARN_OBJC_ROOT_CLASS = YES_ERROR;
				CLANG_WARN_QUOTED_INCLUDE_IN_FRAMEWORK_HEADER = YES;
				CLANG_WARN_RANGE_LOOP_ANALYSIS = YES;
				CLANG_WARN_STRICT_PROTOTYPES = YES;
				CLANG_WARN_SUSPICIOUS_MOVE = YES;
				CLANG_WARN_UNGUARDED_AVAILABILITY = YES_AGGRESSIVE;
				CLANG_WARN_UNREACHABLE_CODE = YES;
				CLANG_WARN__DUPLICATE_METHOD_MATCH = YES;
				COPY_PHASE_STRIP = NO;
				DEBUG_INFORMATION_FORMAT = "dwarf-with-dsym";
				ENABLE_NS_ASSERTIONS = NO;
				ENABLE_STRICT_OBJC_MSGSEND = YES;
				ENABLE_USER_SCRIPT_SANDBOXING = YES;
				GCC_C_LANGUAGE_STANDARD = gnu17;
				GCC_NO_COMMON_BLOCKS = YES;
				GCC_WARN_64_TO_32_BIT_CONVERSION = YES;
				GCC_WARN_ABOUT_RETURN_TYPE = YES_ERROR;
				GCC_WARN_UNDECLARED_SELECTOR = YES;
				GCC_WARN_UNINITIALIZED_AUTOS = YES_AGGRESSIVE;
				GCC_WARN_UNUSED_FUNCTION = YES;
				GCC_WARN_UNUSED_VARIABLE = YES;
				IPHONEOS_DEPLOYMENT_TARGET = 17.0;
				LOCALIZATION_PREFERS_STRING_CATALOGS = YES;
				MTL_ENABLE_DEBUG_INFO = NO;
				MTL_FAST_MATH = YES;
				SDKROOT = iphoneos;
				SWIFT_COMPILATION_MODE = wholemodule;
				VALIDATE_PRODUCT = YES;
			};
			name = Release;
		};
		FE3663292B22E77300385DA7 /* Debug */ = {
			isa = XCBuildConfiguration;
			buildSettings = {
				ASSETCATALOG_COMPILER_APPICON_NAME = AppIcon;
				ASSETCATALOG_COMPILER_GLOBAL_ACCENT_COLOR_NAME = AccentColor;
				CODE_SIGN_STYLE = Automatic;
				CURRENT_PROJECT_VERSION = 1;
				DEVELOPMENT_TEAM = YCQ4KH7F3F;
				GENERATE_INFOPLIST_FILE = YES;
				INFOPLIST_FILE = CalismaYapisi/Info.plist;
				INFOPLIST_KEY_UIApplicationSupportsIndirectInputEvents = YES;
				INFOPLIST_KEY_UILaunchStoryboardName = LaunchScreen;
				INFOPLIST_KEY_UIMainStoryboardFile = Main;
				INFOPLIST_KEY_UISupportedInterfaceOrientations_iPad = "UIInterfaceOrientationPortrait UIInterfaceOrientationPortraitUpsideDown UIInterfaceOrientationLandscapeLeft UIInterfaceOrientationLandscapeRight";
				INFOPLIST_KEY_UISupportedInterfaceOrientations_iPhone = "UIInterfaceOrientationPortrait UIInterfaceOrientationLandscapeLeft UIInterfaceOrientationLandscapeRight";
				LD_RUNPATH_SEARCH_PATHS = (
					"$(inherited)",
					"@executable_path/Frameworks",
				);
				MARKETING_VERSION = 1.0;
				PRODUCT_BUNDLE_IDENTIFIER = com.eminecetinkaya.CalismaYapisi;
				PRODUCT_NAME = "$(TARGET_NAME)";
				SWIFT_EMIT_LOC_STRINGS = YES;
				SWIFT_VERSION = 5.0;
				TARGETED_DEVICE_FAMILY = "1,2";
			};
			name = Debug;
		};
		FE36632A2B22E77300385DA7 /* Release */ = {
			isa = XCBuildConfiguration;
			buildSettings = {
				ASSETCATALOG_COMPILER_APPICON_NAME = AppIcon;
				ASSETCATALOG_COMPILER_GLOBAL_ACCENT_COLOR_NAME = AccentColor;
				CODE_SIGN_STYLE = Automatic;
				CURRENT_PROJECT_VERSION = 1;
				DEVELOPMENT_TEAM = YCQ4KH7F3F;
				GENERATE_INFOPLIST_FILE = YES;
				INFOPLIST_FILE = CalismaYapisi/Info.plist;
				INFOPLIST_KEY_UIApplicationSupportsIndirectInputEvents = YES;
				INFOPLIST_KEY_UILaunchStoryboardName = LaunchScreen;
				INFOPLIST_KEY_UIMainStoryboardFile = Main;
				INFOPLIST_KEY_UISupportedInterfaceOrientations_iPad = "UIInterfaceOrientationPortrait UIInterfaceOrientationPortraitUpsideDown UIInterfaceOrientationLandscapeLeft UIInterfaceOrientationLandscapeRight";
				INFOPLIST_KEY_UISupportedInterfaceOrientations_iPhone = "UIInterfaceOrientationPortrait UIInterfaceOrientationLandscapeLeft UIInterfaceOrientationLandscapeRight";
				LD_RUNPATH_SEARCH_PATHS = (
					"$(inherited)",
					"@executable_path/Frameworks",
				);
				MARKETING_VERSION = 1.0;
				PRODUCT_BUNDLE_IDENTIFIER = com.eminecetinkaya.CalismaYapisi;
				PRODUCT_NAME = "$(TARGET_NAME)";
				SWIFT_EMIT_LOC_STRINGS = YES;
				SWIFT_VERSION = 5.0;
				TARGETED_DEVICE_FAMILY = "1,2";
			};
			name = Release;
		};
/* End XCBuildConfiguration section */

/* Begin XCConfigurationList section */
		FE36630F2B22E77200385DA7 /* Build configuration list for PBXProject "CalismaYapisi" */ = {
			isa = XCConfigurationList;
			buildConfigurations = (
				FE3663262B22E77300385DA7 /* Debug */,
				FE3663272B22E77300385DA7 /* Release */,
			);
			defaultConfigurationIsVisible = 0;
			defaultConfigurationName = Release;
		};
		FE3663282B22E77300385DA7 /* Build configuration list for PBXNativeTarget "CalismaYapisi" */ = {
			isa = XCConfigurationList;
			buildConfigurations = (
				FE3663292B22E77300385DA7 /* Debug */,
				FE36632A2B22E77300385DA7 /* Release */,
			);
			defaultConfigurationIsVisible = 0;
			defaultConfigurationName = Release;
		};
/* End XCConfigurationList section */
	};
	rootObject = FE36630C2B22E77200385DA7 /* Project object */;
}
