// !$*UTF8*$!
{
	archiveVersion = 1;
	classes = {
	};
	objectVersion = 56;
	objects = {

/* Begin PBXBuildFile section */
		FE2EE34E2B432186008EEE2F /* GiftViewController.swift in Sources */ = {isa = PBXBuildFile; fileRef = FE2EE34D2B432186008EEE2F /* GiftViewController.swift */; };
		FE2EE3502B432227008EEE2F /* MyAccountViewController.swift in Sources */ = {isa = PBXBuildFile; fileRef = FE2EE34F2B432227008EEE2F /* MyAccountViewController.swift */; };
		FE2EE3522B432242008EEE2F /* HomeViewController.swift in Sources */ = {isa = PBXBuildFile; fileRef = FE2EE3512B432242008EEE2F /* HomeViewController.swift */; };
		FE2EE3542B43225B008EEE2F /* MyCartsViewController.swift in Sources */ = {isa = PBXBuildFile; fileRef = FE2EE3532B43225B008EEE2F /* MyCartsViewController.swift */; };
		FE2EE3562B432283008EEE2F /* CategoriesViewController.swift in Sources */ = {isa = PBXBuildFile; fileRef = FE2EE3552B432283008EEE2F /* CategoriesViewController.swift */; };
		FE97B7B62B4018460073064A /* AppDelegate.swift in Sources */ = {isa = PBXBuildFile; fileRef = FE97B7B52B4018460073064A /* AppDelegate.swift */; };
		FE97B7B82B4018460073064A /* SceneDelegate.swift in Sources */ = {isa = PBXBuildFile; fileRef = FE97B7B72B4018460073064A /* SceneDelegate.swift */; };
		FE97B7BD2B4018460073064A /* Main.storyboard in Resources */ = {isa = PBXBuildFile; fileRef = FE97B7BB2B4018460073064A /* Main.storyboard */; };
		FE97B7BF2B4018470073064A /* Assets.xcassets in Resources */ = {isa = PBXBuildFile; fileRef = FE97B7BE2B4018470073064A /* Assets.xcassets */; };
		FE97B7C22B4018470073064A /* LaunchScreen.storyboard in Resources */ = {isa = PBXBuildFile; fileRef = FE97B7C02B4018470073064A /* LaunchScreen.storyboard */; };
/* End PBXBuildFile section */

/* Begin PBXFileReference section */
		FE2EE34D2B432186008EEE2F /* GiftViewController.swift */ = {isa = PBXFileReference; lastKnownFileType = sourcecode.swift; path = GiftViewController.swift; sourceTree = "<group>"; };
		FE2EE34F2B432227008EEE2F /* MyAccountViewController.swift */ = {isa = PBXFileReference; lastKnownFileType = sourcecode.swift; path = MyAccountViewController.swift; sourceTree = "<group>"; };
		FE2EE3512B432242008EEE2F /* HomeViewController.swift */ = {isa = PBXFileReference; lastKnownFileType = sourcecode.swift; path = HomeViewController.swift; sourceTree = "<group>"; };
		FE2EE3532B43225B008EEE2F /* MyCartsViewController.swift */ = {isa = PBXFileReference; lastKnownFileType = sourcecode.swift; path = MyCartsViewController.swift; sourceTree = "<group>"; };
		FE2EE3552B432283008EEE2F /* CategoriesViewController.swift */ = {isa = PBXFileReference; lastKnownFileType = sourcecode.swift; path = CategoriesViewController.swift; sourceTree = "<group>"; };
		FE97B7B22B4018460073064A /* Odev6.app */ = {isa = PBXFileReference; explicitFileType = wrapper.application; includeInIndex = 0; path = Odev6.app; sourceTree = BUILT_PRODUCTS_DIR; };
		FE97B7B52B4018460073064A /* AppDelegate.swift */ = {isa = PBXFileReference; lastKnownFileType = sourcecode.swift; path = AppDelegate.swift; sourceTree = "<group>"; };
		FE97B7B72B4018460073064A /* SceneDelegate.swift */ = {isa = PBXFileReference; lastKnownFileType = sourcecode.swift; path = SceneDelegate.swift; sourceTree = "<group>"; };
		FE97B7BC2B4018460073064A /* Base */ = {isa = PBXFileReference; lastKnownFileType = file.storyboard; name = Base; path = Base.lproj/Main.storyboard; sourceTree = "<group>"; };
		FE97B7BE2B4018470073064A /* Assets.xcassets */ = {isa = PBXFileReference; lastKnownFileType = folder.assetcatalog; path = Assets.xcassets; sourceTree = "<group>"; };
		FE97B7C12B4018470073064A /* Base */ = {isa = PBXFileReference; lastKnownFileType = file.storyboard; name = Base; path = Base.lproj/LaunchScreen.storyboard; sourceTree = "<group>"; };
		FE97B7C32B4018470073064A /* Info.plist */ = {isa = PBXFileReference; lastKnownFileType = text.plist.xml; path = Info.plist; sourceTree = "<group>"; };
/* End PBXFileReference section */

/* Begin PBXFrameworksBuildPhase section */
		FE97B7AF2B4018460073064A /* Frameworks */ = {
			isa = PBXFrameworksBuildPhase;
			buildActionMask = 2147483647;
			files = (
			);
			runOnlyForDeploymentPostprocessing = 0;
		};
/* End PBXFrameworksBuildPhase section */

/* Begin PBXGroup section */
		FE2457972B42F18000CAE97A /* Categories */ = {
			isa = PBXGroup;
			children = (
				FE2EE3552B432283008EEE2F /* CategoriesViewController.swift */,
			);
			path = Categories;
			sourceTree = "<group>";
		};
		FE2457982B42F1A300CAE97A /* MyCarts */ = {
			isa = PBXGroup;
			children = (
				FE2EE3532B43225B008EEE2F /* MyCartsViewController.swift */,
			);
			path = MyCarts;
			sourceTree = "<group>";
		};
		FE97B7A92B4018460073064A = {
			isa = PBXGroup;
			children = (
				FE97B7B42B4018460073064A /* Odev6 */,
				FE97B7B32B4018460073064A /* Products */,
			);
			sourceTree = "<group>";
		};
		FE97B7B32B4018460073064A /* Products */ = {
			isa = PBXGroup;
			children = (
				FE97B7B22B4018460073064A /* Odev6.app */,
			);
			name = Products;
			sourceTree = "<group>";
		};
		FE97B7B42B4018460073064A /* Odev6 */ = {
			isa = PBXGroup;
			children = (
				FE97B7B52B4018460073064A /* AppDelegate.swift */,
				FE97B7B72B4018460073064A /* SceneDelegate.swift */,
				FEFE9C4F2B40AF9C007865C3 /* data */,
				FEFE9C4E2B40AF8A007865C3 /* ui */,
				FE97B7BB2B4018460073064A /* Main.storyboard */,
				FE97B7BE2B4018470073064A /* Assets.xcassets */,
				FE97B7C02B4018470073064A /* LaunchScreen.storyboard */,
				FE97B7C32B4018470073064A /* Info.plist */,
			);
			path = Odev6;
			sourceTree = "<group>";
		};
		FEB9CB312B42FC9300ADD22F /* Home */ = {
			isa = PBXGroup;
			children = (
				FE2EE3512B432242008EEE2F /* HomeViewController.swift */,
			);
			path = Home;
			sourceTree = "<group>";
		};
		FEB9CB322B42FCA300ADD22F /* MyAccount */ = {
			isa = PBXGroup;
			children = (
				FE2EE34F2B432227008EEE2F /* MyAccountViewController.swift */,
			);
			path = MyAccount;
			sourceTree = "<group>";
		};
		FEB9CB332B42FCD300ADD22F /* Gift */ = {
			isa = PBXGroup;
			children = (
				FE2EE34D2B432186008EEE2F /* GiftViewController.swift */,
			);
			path = Gift;
			sourceTree = "<group>";
		};
		FEFE9C4E2B40AF8A007865C3 /* ui */ = {
			isa = PBXGroup;
			children = (
				FEFE9C512B40AFD4007865C3 /* views */,
			);
			path = ui;
			sourceTree = "<group>";
		};
		FEFE9C4F2B40AF9C007865C3 /* data */ = {
			isa = PBXGroup;
			children = (
				FEFE9C502B40AFB5007865C3 /* entity */,
			);
			path = data;
			sourceTree = "<group>";
		};
		FEFE9C502B40AFB5007865C3 /* entity */ = {
			isa = PBXGroup;
			children = (
			);
			path = entity;
			sourceTree = "<group>";
		};
		FEFE9C512B40AFD4007865C3 /* views */ = {
			isa = PBXGroup;
			children = (
				FEB9CB332B42FCD300ADD22F /* Gift */,
				FEB9CB322B42FCA300ADD22F /* MyAccount */,
				FEB9CB312B42FC9300ADD22F /* Home */,
				FE2457982B42F1A300CAE97A /* MyCarts */,
				FE2457972B42F18000CAE97A /* Categories */,
			);
			path = views;
			sourceTree = "<group>";
		};
/* End PBXGroup section */

/* Begin PBXNativeTarget section */
		FE97B7B12B4018460073064A /* Odev6 */ = {
			isa = PBXNativeTarget;
			buildConfigurationList = FE97B7C62B4018470073064A /* Build configuration list for PBXNativeTarget "Odev6" */;
			buildPhases = (
				FE97B7AE2B4018460073064A /* Sources */,
				FE97B7AF2B4018460073064A /* Frameworks */,
				FE97B7B02B4018460073064A /* Resources */,
			);
			buildRules = (
			);
			dependencies = (
			);
			name = Odev6;
			productName = Odev6;
			productReference = FE97B7B22B4018460073064A /* Odev6.app */;
			productType = "com.apple.product-type.application";
		};
/* End PBXNativeTarget section */

/* Begin PBXProject section */
		FE97B7AA2B4018460073064A /* Project object */ = {
			isa = PBXProject;
			attributes = {
				BuildIndependentTargetsInParallel = 1;
				LastSwiftUpdateCheck = 1500;
				LastUpgradeCheck = 1500;
				TargetAttributes = {
					FE97B7B12B4018460073064A = {
						CreatedOnToolsVersion = 15.0.1;
					};
				};
			};
			buildConfigurationList = FE97B7AD2B4018460073064A /* Build configuration list for PBXProject "Odev6" */;
			compatibilityVersion = "Xcode 14.0";
			developmentRegion = en;
			hasScannedForEncodings = 0;
			knownRegions = (
				en,
				Base,
			);
			mainGroup = FE97B7A92B4018460073064A;
			productRefGroup = FE97B7B32B4018460073064A /* Products */;
			projectDirPath = "";
			projectRoot = "";
			targets = (
				FE97B7B12B4018460073064A /* Odev6 */,
			);
		};
/* End PBXProject section */

/* Begin PBXResourcesBuildPhase section */
		FE97B7B02B4018460073064A /* Resources */ = {
			isa = PBXResourcesBuildPhase;
			buildActionMask = 2147483647;
			files = (
				FE97B7C22B4018470073064A /* LaunchScreen.storyboard in Resources */,
				FE97B7BF2B4018470073064A /* Assets.xcassets in Resources */,
				FE97B7BD2B4018460073064A /* Main.storyboard in Resources */,
			);
			runOnlyForDeploymentPostprocessing = 0;
		};
/* End PBXResourcesBuildPhase section */

/* Begin PBXSourcesBuildPhase section */
		FE97B7AE2B4018460073064A /* Sources */ = {
			isa = PBXSourcesBuildPhase;
			buildActionMask = 2147483647;
			files = (
				FE2EE3502B432227008EEE2F /* MyAccountViewController.swift in Sources */,
				FE97B7B62B4018460073064A /* AppDelegate.swift in Sources */,
				FE97B7B82B4018460073064A /* SceneDelegate.swift in Sources */,
				FE2EE3522B432242008EEE2F /* HomeViewController.swift in Sources */,
				FE2EE3542B43225B008EEE2F /* MyCartsViewController.swift in Sources */,
				FE2EE3562B432283008EEE2F /* CategoriesViewController.swift in Sources */,
				FE2EE34E2B432186008EEE2F /* GiftViewController.swift in Sources */,
			);
			runOnlyForDeploymentPostprocessing = 0;
		};
/* End PBXSourcesBuildPhase section */

/* Begin PBXVariantGroup section */
		FE97B7BB2B4018460073064A /* Main.storyboard */ = {
			isa = PBXVariantGroup;
			children = (
				FE97B7BC2B4018460073064A /* Base */,
			);
			name = Main.storyboard;
			sourceTree = "<group>";
		};
		FE97B7C02B4018470073064A /* LaunchScreen.storyboard */ = {
			isa = PBXVariantGroup;
			children = (
				FE97B7C12B4018470073064A /* Base */,
			);
			name = LaunchScreen.storyboard;
			sourceTree = "<group>";
		};
/* End PBXVariantGroup section */

/* Begin XCBuildConfiguration section */
		FE97B7C42B4018470073064A /* Debug */ = {
			isa = XCBuildConfiguration;
			buildSettings = {
				ALWAYS_SEARCH_USER_PATHS = NO;
				ASSETCATALOG_COMPILER_GENERATE_SWIFT_ASSET_SYMBOL_EXTENSIONS = YES;
				CLANG_ANALYZER_NONNULL = YES;
				CLANG_ANALYZER_NUMBER_OBJECT_CONVERSION = YES_AGGRESSIVE;
				CLANG_CXX_LANGUAGE_STANDARD = "gnu++20";
				CLANG_ENABLE_MODULES = YES;
				CLANG_ENABLE_OBJC_ARC = YES;
				CLANG_ENABLE_OBJC_WEAK = YES;
				CLANG_WARN_BLOCK_CAPTURE_AUTORELEASING = YES;
				CLANG_WARN_BOOL_CONVERSION = YES;
				CLANG_WARN_COMMA = YES;
				CLANG_WARN_CONSTANT_CONVERSION = YES;
				CLANG_WARN_DEPRECATED_OBJC_IMPLEMENTATIONS = YES;
				CLANG_WARN_DIRECT_OBJC_ISA_USAGE = YES_ERROR;
				CLANG_WARN_DOCUMENTATION_COMMENTS = YES;
				CLANG_WARN_EMPTY_BODY = YES;
				CLANG_WARN_ENUM_CONVERSION = YES;
				CLANG_WARN_INFINITE_RECURSION = YES;
				CLANG_WARN_INT_CONVERSION = YES;
				CLANG_WARN_NON_LITERAL_NULL_CONVERSION = YES;
				CLANG_WARN_OBJC_IMPLICIT_RETAIN_SELF = YES;
				CLANG_WARN_OBJC_LITERAL_CONVERSION = YES;
				CLANG_WARN_OBJC_ROOT_CLASS = YES_ERROR;
				CLANG_WARN_QUOTED_INCLUDE_IN_FRAMEWORK_HEADER = YES;
				CLANG_WARN_RANGE_LOOP_ANALYSIS = YES;
				CLANG_WARN_STRICT_PROTOTYPES = YES;
				CLANG_WARN_SUSPICIOUS_MOVE = YES;
				CLANG_WARN_UNGUARDED_AVAILABILITY = YES_AGGRESSIVE;
				CLANG_WARN_UNREACHABLE_CODE = YES;
				CLANG_WARN__DUPLICATE_METHOD_MATCH = YES;
				COPY_PHASE_STRIP = NO;
				DEBUG_INFORMATION_FORMAT = dwarf;
				ENABLE_STRICT_OBJC_MSGSEND = YES;
				ENABLE_TESTABILITY = YES;
				ENABLE_USER_SCRIPT_SANDBOXING = YES;
				GCC_C_LANGUAGE_STANDARD = gnu17;
				GCC_DYNAMIC_NO_PIC = NO;
				GCC_NO_COMMON_BLOCKS = YES;
				GCC_OPTIMIZATION_LEVEL = 0;
				GCC_PREPROCESSOR_DEFINITIONS = (
					"DEBUG=1",
					"$(inherited)",
				);
				GCC_WARN_64_TO_32_BIT_CONVERSION = YES;
				GCC_WARN_ABOUT_RETURN_TYPE = YES_ERROR;
				GCC_WARN_UNDECLARED_SELECTOR = YES;
				GCC_WARN_UNINITIALIZED_AUTOS = YES_AGGRESSIVE;
				GCC_WARN_UNUSED_FUNCTION = YES;
				GCC_WARN_UNUSED_VARIABLE = YES;
				IPHONEOS_DEPLOYMENT_TARGET = 17.0;
				LOCALIZATION_PREFERS_STRING_CATALOGS = YES;
				MTL_ENABLE_DEBUG_INFO = INCLUDE_SOURCE;
				MTL_FAST_MATH = YES;
				ONLY_ACTIVE_ARCH = YES;
				SDKROOT = iphoneos;
				SWIFT_ACTIVE_COMPILATION_CONDITIONS = "DEBUG $(inherited)";
				SWIFT_OPTIMIZATION_LEVEL = "-Onone";
			};
			name = Debug;
		};
		FE97B7C52B4018470073064A /* Release */ = {
			isa = XCBuildConfiguration;
			buildSettings = {
				ALWAYS_SEARCH_USER_PATHS = NO;
				ASSETCATALOG_COMPILER_GENERATE_SWIFT_ASSET_SYMBOL_EXTENSIONS = YES;
				CLANG_ANALYZER_NONNULL = YES;
				CLANG_ANALYZER_NUMBER_OBJECT_CONVERSION = YES_AGGRESSIVE;
				CLANG_CXX_LANGUAGE_STANDARD = "gnu++20";
				CLANG_ENABLE_MODULES = YES;
				CLANG_ENABLE_OBJC_ARC = YES;
				CLANG_ENABLE_OBJC_WEAK = YES;
				CLANG_WARN_BLOCK_CAPTURE_AUTORELEASING = YES;
				CLANG_WARN_BOOL_CONVERSION = YES;
				CLANG_WARN_COMMA = YES;
				CLANG_WARN_CONSTANT_CONVERSION = YES;
				CLANG_WARN_DEPRECATED_OBJC_IMPLEMENTATIONS = YES;
				CLANG_WARN_DIRECT_OBJC_ISA_USAGE = YES_ERROR;
				CLANG_WARN_DOCUMENTATION_COMMENTS = YES;
				CLANG_WARN_EMPTY_BODY = YES;
				CLANG_WARN_ENUM_CONVERSION = YES;
				CLANG_WARN_INFINITE_RECURSION = YES;
				CLANG_WARN_INT_CONVERSION = YES;
				CLANG_WARN_NON_LITERAL_NULL_CONVERSION = YES;
				CLANG_WARN_OBJC_IMPLICIT_RETAIN_SELF = YES;
				CLANG_WARN_OBJC_LITERAL_CONVERSION = YES;
				CLANG_WARN_OBJC_ROOT_CLASS = YES_ERROR;
				CLANG_WARN_QUOTED_INCLUDE_IN_FRAMEWORK_HEADER = YES;
				CLANG_WARN_RANGE_LOOP_ANALYSIS = YES;
				CLANG_WARN_STRICT_PROTOTYPES = YES;
				CLANG_WARN_SUSPICIOUS_MOVE = YES;
				CLANG_WARN_UNGUARDED_AVAILABILITY = YES_AGGRESSIVE;
				CLANG_WARN_UNREACHABLE_CODE = YES;
				CLANG_WARN__DUPLICATE_METHOD_MATCH = YES;
				COPY_PHASE_STRIP = NO;
				DEBUG_INFORMATION_FORMAT = "dwarf-with-dsym";
				ENABLE_NS_ASSERTIONS = NO;
				ENABLE_STRICT_OBJC_MSGSEND = YES;
				ENABLE_USER_SCRIPT_SANDBOXING = YES;
				GCC_C_LANGUAGE_STANDARD = gnu17;
				GCC_NO_COMMON_BLOCKS = YES;
				GCC_WARN_64_TO_32_BIT_CONVERSION = YES;
				GCC_WARN_ABOUT_RETURN_TYPE = YES_ERROR;
				GCC_WARN_UNDECLARED_SELECTOR = YES;
				GCC_WARN_UNINITIALIZED_AUTOS = YES_AGGRESSIVE;
				GCC_WARN_UNUSED_FUNCTION = YES;
				GCC_WARN_UNUSED_VARIABLE = YES;
				IPHONEOS_DEPLOYMENT_TARGET = 17.0;
				LOCALIZATION_PREFERS_STRING_CATALOGS = YES;
				MTL_ENABLE_DEBUG_INFO = NO;
				MTL_FAST_MATH = YES;
				SDKROOT = iphoneos;
				SWIFT_COMPILATION_MODE = wholemodule;
				VALIDATE_PRODUCT = YES;
			};
			name = Release;
		};
		FE97B7C72B4018470073064A /* Debug */ = {
			isa = XCBuildConfiguration;
			buildSettings = {
				ASSETCATALOG_COMPILER_APPICON_NAME = AppIcon;
				ASSETCATALOG_COMPILER_GLOBAL_ACCENT_COLOR_NAME = AccentColor;
				CODE_SIGN_STYLE = Automatic;
				CURRENT_PROJECT_VERSION = 1;
				DEVELOPMENT_TEAM = YCQ4KH7F3F;
				GENERATE_INFOPLIST_FILE = YES;
				INFOPLIST_FILE = Odev6/Info.plist;
				INFOPLIST_KEY_UIApplicationSupportsIndirectInputEvents = YES;
				INFOPLIST_KEY_UILaunchStoryboardName = LaunchScreen;
				INFOPLIST_KEY_UIMainStoryboardFile = Main;
				INFOPLIST_KEY_UISupportedInterfaceOrientations_iPad = "UIInterfaceOrientationPortrait UIInterfaceOrientationPortraitUpsideDown UIInterfaceOrientationLandscapeLeft UIInterfaceOrientationLandscapeRight";
				INFOPLIST_KEY_UISupportedInterfaceOrientations_iPhone = "UIInterfaceOrientationPortrait UIInterfaceOrientationLandscapeLeft UIInterfaceOrientationLandscapeRight";
				LD_RUNPATH_SEARCH_PATHS = (
					"$(inherited)",
					"@executable_path/Frameworks",
				);
				MARKETING_VERSION = 1.0;
				PRODUCT_BUNDLE_IDENTIFIER = com.eminecetinkaya.Odev6;
				PRODUCT_NAME = "$(TARGET_NAME)";
				SWIFT_EMIT_LOC_STRINGS = YES;
				SWIFT_VERSION = 5.0;
				TARGETED_DEVICE_FAMILY = "1,2";
			};
			name = Debug;
		};
		FE97B7C82B4018470073064A /* Release */ = {
			isa = XCBuildConfiguration;
			buildSettings = {
				ASSETCATALOG_COMPILER_APPICON_NAME = AppIcon;
				ASSETCATALOG_COMPILER_GLOBAL_ACCENT_COLOR_NAME = AccentColor;
				CODE_SIGN_STYLE = Automatic;
				CURRENT_PROJECT_VERSION = 1;
				DEVELOPMENT_TEAM = YCQ4KH7F3F;
				GENERATE_INFOPLIST_FILE = YES;
				INFOPLIST_FILE = Odev6/Info.plist;
				INFOPLIST_KEY_UIApplicationSupportsIndirectInputEvents = YES;
				INFOPLIST_KEY_UILaunchStoryboardName = LaunchScreen;
				INFOPLIST_KEY_UIMainStoryboardFile = Main;
				INFOPLIST_KEY_UISupportedInterfaceOrientations_iPad = "UIInterfaceOrientationPortrait UIInterfaceOrientationPortraitUpsideDown UIInterfaceOrientationLandscapeLeft UIInterfaceOrientationLandscapeRight";
				INFOPLIST_KEY_UISupportedInterfaceOrientations_iPhone = "UIInterfaceOrientationPortrait UIInterfaceOrientationLandscapeLeft UIInterfaceOrientationLandscapeRight";
				LD_RUNPATH_SEARCH_PATHS = (
					"$(inherited)",
					"@executable_path/Frameworks",
				);
				MARKETING_VERSION = 1.0;
				PRODUCT_BUNDLE_IDENTIFIER = com.eminecetinkaya.Odev6;
				PRODUCT_NAME = "$(TARGET_NAME)";
				SWIFT_EMIT_LOC_STRINGS = YES;
				SWIFT_VERSION = 5.0;
				TARGETED_DEVICE_FAMILY = "1,2";
			};
			name = Release;
		};
/* End XCBuildConfiguration section */

/* Begin XCConfigurationList section */
		FE97B7AD2B4018460073064A /* Build configuration list for PBXProject "Odev6" */ = {
			isa = XCConfigurationList;
			buildConfigurations = (
				FE97B7C42B4018470073064A /* Debug */,
				FE97B7C52B4018470073064A /* Release */,
			);
			defaultConfigurationIsVisible = 0;
			defaultConfigurationName = Release;
		};
		FE97B7C62B4018470073064A /* Build configuration list for PBXNativeTarget "Odev6" */ = {
			isa = XCConfigurationList;
			buildConfigurations = (
				FE97B7C72B4018470073064A /* Debug */,
				FE97B7C82B4018470073064A /* Release */,
			);
			defaultConfigurationIsVisible = 0;
			defaultConfigurationName = Release;
		};
/* End XCConfigurationList section */
	};
	rootObject = FE97B7AA2B4018460073064A /* Project object */;
}
